// !$*UTF8*$!
{
	archiveVersion = 1;
	classes = {
	};
	objectVersion = 56;
	objects = {

/* Begin PBXBuildFile section */
		400D2C5F2A024D2E0089ED6A /* AudioRecorder.swift in Sources */ = {isa = PBXBuildFile; fileRef = 400D2C5E2A024D2E0089ED6A /* AudioRecorder.swift */; };
		404C326E2A0BEC5700613790 /* User.swift in Sources */ = {isa = PBXBuildFile; fileRef = 404C326D2A0BEC5700613790 /* User.swift */; };
		404C32712A0BEC8A00613790 /* AuthMapper.swift in Sources */ = {isa = PBXBuildFile; fileRef = 404C32702A0BEC8A00613790 /* AuthMapper.swift */; };
		404EA6582A056B8F00CA6228 /* AuthService.swift in Sources */ = {isa = PBXBuildFile; fileRef = 404EA6572A056B8F00CA6228 /* AuthService.swift */; };
		40525B8E29F8476000367AD1 /* AppDelegate.swift in Sources */ = {isa = PBXBuildFile; fileRef = 40525B8D29F8476000367AD1 /* AppDelegate.swift */; };
		40525B9029F8476000367AD1 /* SceneDelegate.swift in Sources */ = {isa = PBXBuildFile; fileRef = 40525B8F29F8476000367AD1 /* SceneDelegate.swift */; };
		40525B9229F8476000367AD1 /* TestVC.swift in Sources */ = {isa = PBXBuildFile; fileRef = 40525B9129F8476000367AD1 /* TestVC.swift */; };
		40525B9829F8476000367AD1 /* BeWired.xcdatamodeld in Sources */ = {isa = PBXBuildFile; fileRef = 40525B9629F8476000367AD1 /* BeWired.xcdatamodeld */; };
		40525B9A29F8476200367AD1 /* Assets.xcassets in Resources */ = {isa = PBXBuildFile; fileRef = 40525B9929F8476200367AD1 /* Assets.xcassets */; };
		40525B9D29F8476200367AD1 /* LaunchScreen.storyboard in Resources */ = {isa = PBXBuildFile; fileRef = 40525B9B29F8476200367AD1 /* LaunchScreen.storyboard */; };
		40525BAD29F91F0D00367AD1 /* AudioPlayer.swift in Sources */ = {isa = PBXBuildFile; fileRef = 40525BAC29F91F0D00367AD1 /* AudioPlayer.swift */; };
		40525BAF29F91FD300367AD1 /* AudioStorage.swift in Sources */ = {isa = PBXBuildFile; fileRef = 40525BAE29F91FD300367AD1 /* AudioStorage.swift */; };
		407AD7EF2A040FEE000054F2 /* TDLibKit in Frameworks */ = {isa = PBXBuildFile; productRef = 407AD7EE2A040FEE000054F2 /* TDLibKit */; };
		407E968E2A07D2E9008E6ACA /* ConfirmationVC.swift in Sources */ = {isa = PBXBuildFile; fileRef = 407E968D2A07D2E9008E6ACA /* ConfirmationVC.swift */; };
		407E96902A07D8AF008E6ACA /* ConfirmationVM.swift in Sources */ = {isa = PBXBuildFile; fileRef = 407E968F2A07D8AF008E6ACA /* ConfirmationVM.swift */; };
		407E96932A07DD60008E6ACA /* WelcomeVC.swift in Sources */ = {isa = PBXBuildFile; fileRef = 407E96922A07DD60008E6ACA /* WelcomeVC.swift */; };
		407E96952A07E062008E6ACA /* WelcomeVM.swift in Sources */ = {isa = PBXBuildFile; fileRef = 407E96942A07E062008E6ACA /* WelcomeVM.swift */; };
		40F7AFC52A068BB8002EC857 /* AuthError.swift in Sources */ = {isa = PBXBuildFile; fileRef = 40F7AFC42A068BB8002EC857 /* AuthError.swift */; };
		40F7AFC72A068D1D002EC857 /* LoginVC.swift in Sources */ = {isa = PBXBuildFile; fileRef = 40F7AFC62A068D1D002EC857 /* LoginVC.swift */; };
		40F7AFCA2A069303002EC857 /* UIView+rounded.swift in Sources */ = {isa = PBXBuildFile; fileRef = 40F7AFC92A069303002EC857 /* UIView+rounded.swift */; };
		40F7AFCC2A069321002EC857 /* Constants.swift in Sources */ = {isa = PBXBuildFile; fileRef = 40F7AFCB2A069321002EC857 /* Constants.swift */; };
		40F833122A06A3E600E2CB86 /* LoginVM.swift in Sources */ = {isa = PBXBuildFile; fileRef = 40F833112A06A3E600E2CB86 /* LoginVM.swift */; };
		ED0FFA5D2A124BDC004A8F4F /* String + Entity names.swift in Sources */ = {isa = PBXBuildFile; fileRef = ED0FFA5C2A124BDC004A8F4F /* String + Entity names.swift */; };
		ED3A60112A1029D9003DC922 /* UIView + Extensions.swift in Sources */ = {isa = PBXBuildFile; fileRef = ED3A60102A1029D9003DC922 /* UIView + Extensions.swift */; };
		ED3A60172A102A2D003DC922 /* String + Request.swift in Sources */ = {isa = PBXBuildFile; fileRef = ED3A60162A102A2D003DC922 /* String + Request.swift */; };
		ED3A601B2A102A7A003DC922 /* UserDTO.swift in Sources */ = {isa = PBXBuildFile; fileRef = ED3A601A2A102A7A003DC922 /* UserDTO.swift */; };
		ED3A601E2A102A95003DC922 /* SubscriptionsModel.swift in Sources */ = {isa = PBXBuildFile; fileRef = ED3A601D2A102A95003DC922 /* SubscriptionsModel.swift */; };
		ED3A60212A102AD1003DC922 /* SubscriptionsServiceProtocol.swift in Sources */ = {isa = PBXBuildFile; fileRef = ED3A60202A102AD1003DC922 /* SubscriptionsServiceProtocol.swift */; };
		ED3A60232A102ADF003DC922 /* SubscriptionsService.swift in Sources */ = {isa = PBXBuildFile; fileRef = ED3A60222A102ADF003DC922 /* SubscriptionsService.swift */; };
		ED3A602A2A102B3B003DC922 /* UsersListVC.swift in Sources */ = {isa = PBXBuildFile; fileRef = ED3A60292A102B3B003DC922 /* UsersListVC.swift */; };
		ED3A602C2A102B42003DC922 /* UsersListVM.swift in Sources */ = {isa = PBXBuildFile; fileRef = ED3A602B2A102B42003DC922 /* UsersListVM.swift */; };
		ED3A602E2A102B50003DC922 /* UsersListVmProtocol.swift in Sources */ = {isa = PBXBuildFile; fileRef = ED3A602D2A102B50003DC922 /* UsersListVmProtocol.swift */; };
		ED3A60332A102B74003DC922 /* UsersListTableViewCell.swift in Sources */ = {isa = PBXBuildFile; fileRef = ED3A60322A102B74003DC922 /* UsersListTableViewCell.swift */; };
/* End PBXBuildFile section */

/* Begin PBXFileReference section */
		400D2C5E2A024D2E0089ED6A /* AudioRecorder.swift */ = {isa = PBXFileReference; fileEncoding = 4; lastKnownFileType = sourcecode.swift; path = AudioRecorder.swift; sourceTree = "<group>"; };
		404C326D2A0BEC5700613790 /* User.swift */ = {isa = PBXFileReference; lastKnownFileType = sourcecode.swift; path = User.swift; sourceTree = "<group>"; };
		404C32702A0BEC8A00613790 /* AuthMapper.swift */ = {isa = PBXFileReference; lastKnownFileType = sourcecode.swift; path = AuthMapper.swift; sourceTree = "<group>"; };
		404EA6572A056B8F00CA6228 /* AuthService.swift */ = {isa = PBXFileReference; lastKnownFileType = sourcecode.swift; path = AuthService.swift; sourceTree = "<group>"; };
		40525B8A29F8476000367AD1 /* BeWired.app */ = {isa = PBXFileReference; explicitFileType = wrapper.application; includeInIndex = 0; path = BeWired.app; sourceTree = BUILT_PRODUCTS_DIR; };
		40525B8D29F8476000367AD1 /* AppDelegate.swift */ = {isa = PBXFileReference; lastKnownFileType = sourcecode.swift; path = AppDelegate.swift; sourceTree = "<group>"; };
		40525B8F29F8476000367AD1 /* SceneDelegate.swift */ = {isa = PBXFileReference; lastKnownFileType = sourcecode.swift; path = SceneDelegate.swift; sourceTree = "<group>"; };
		40525B9129F8476000367AD1 /* TestVC.swift */ = {isa = PBXFileReference; lastKnownFileType = sourcecode.swift; path = TestVC.swift; sourceTree = "<group>"; };
		40525B9729F8476000367AD1 /* BeWired.xcdatamodel */ = {isa = PBXFileReference; lastKnownFileType = wrapper.xcdatamodel; path = BeWired.xcdatamodel; sourceTree = "<group>"; };
		40525B9929F8476200367AD1 /* Assets.xcassets */ = {isa = PBXFileReference; lastKnownFileType = folder.assetcatalog; path = Assets.xcassets; sourceTree = "<group>"; };
		40525B9C29F8476200367AD1 /* Base */ = {isa = PBXFileReference; lastKnownFileType = file.storyboard; name = Base; path = Base.lproj/LaunchScreen.storyboard; sourceTree = "<group>"; };
		40525B9E29F8476200367AD1 /* Info.plist */ = {isa = PBXFileReference; lastKnownFileType = text.plist.xml; path = Info.plist; sourceTree = "<group>"; };
		40525BAC29F91F0D00367AD1 /* AudioPlayer.swift */ = {isa = PBXFileReference; lastKnownFileType = sourcecode.swift; path = AudioPlayer.swift; sourceTree = "<group>"; };
		40525BAE29F91FD300367AD1 /* AudioStorage.swift */ = {isa = PBXFileReference; lastKnownFileType = sourcecode.swift; path = AudioStorage.swift; sourceTree = "<group>"; };
		407E968D2A07D2E9008E6ACA /* ConfirmationVC.swift */ = {isa = PBXFileReference; lastKnownFileType = sourcecode.swift; path = ConfirmationVC.swift; sourceTree = "<group>"; };
		407E968F2A07D8AF008E6ACA /* ConfirmationVM.swift */ = {isa = PBXFileReference; lastKnownFileType = sourcecode.swift; path = ConfirmationVM.swift; sourceTree = "<group>"; };
		407E96922A07DD60008E6ACA /* WelcomeVC.swift */ = {isa = PBXFileReference; lastKnownFileType = sourcecode.swift; path = WelcomeVC.swift; sourceTree = "<group>"; };
		407E96942A07E062008E6ACA /* WelcomeVM.swift */ = {isa = PBXFileReference; lastKnownFileType = sourcecode.swift; path = WelcomeVM.swift; sourceTree = "<group>"; };
		40F7AFC42A068BB8002EC857 /* AuthError.swift */ = {isa = PBXFileReference; lastKnownFileType = sourcecode.swift; path = AuthError.swift; sourceTree = "<group>"; };
		40F7AFC62A068D1D002EC857 /* LoginVC.swift */ = {isa = PBXFileReference; lastKnownFileType = sourcecode.swift; path = LoginVC.swift; sourceTree = "<group>"; };
		40F7AFC92A069303002EC857 /* UIView+rounded.swift */ = {isa = PBXFileReference; lastKnownFileType = sourcecode.swift; path = "UIView+rounded.swift"; sourceTree = "<group>"; };
		40F7AFCB2A069321002EC857 /* Constants.swift */ = {isa = PBXFileReference; lastKnownFileType = sourcecode.swift; path = Constants.swift; sourceTree = "<group>"; };
		40F833112A06A3E600E2CB86 /* LoginVM.swift */ = {isa = PBXFileReference; lastKnownFileType = sourcecode.swift; path = LoginVM.swift; sourceTree = "<group>"; };
		ED0FFA5C2A124BDC004A8F4F /* String + Entity names.swift */ = {isa = PBXFileReference; lastKnownFileType = sourcecode.swift; path = "String + Entity names.swift"; sourceTree = "<group>"; };
		ED3A60102A1029D9003DC922 /* UIView + Extensions.swift */ = {isa = PBXFileReference; lastKnownFileType = sourcecode.swift; path = "UIView + Extensions.swift"; sourceTree = "<group>"; };
		ED3A60162A102A2D003DC922 /* String + Request.swift */ = {isa = PBXFileReference; fileEncoding = 4; lastKnownFileType = sourcecode.swift; path = "String + Request.swift"; sourceTree = "<group>"; };
		ED3A601A2A102A7A003DC922 /* UserDTO.swift */ = {isa = PBXFileReference; fileEncoding = 4; lastKnownFileType = sourcecode.swift; path = UserDTO.swift; sourceTree = "<group>"; };
		ED3A601D2A102A95003DC922 /* SubscriptionsModel.swift */ = {isa = PBXFileReference; fileEncoding = 4; lastKnownFileType = sourcecode.swift; path = SubscriptionsModel.swift; sourceTree = "<group>"; };
		ED3A60202A102AD1003DC922 /* SubscriptionsServiceProtocol.swift */ = {isa = PBXFileReference; fileEncoding = 4; lastKnownFileType = sourcecode.swift; path = SubscriptionsServiceProtocol.swift; sourceTree = "<group>"; };
		ED3A60222A102ADF003DC922 /* SubscriptionsService.swift */ = {isa = PBXFileReference; fileEncoding = 4; lastKnownFileType = sourcecode.swift; path = SubscriptionsService.swift; sourceTree = "<group>"; };
		ED3A60292A102B3B003DC922 /* UsersListVC.swift */ = {isa = PBXFileReference; fileEncoding = 4; lastKnownFileType = sourcecode.swift; path = UsersListVC.swift; sourceTree = "<group>"; };
		ED3A602B2A102B42003DC922 /* UsersListVM.swift */ = {isa = PBXFileReference; fileEncoding = 4; lastKnownFileType = sourcecode.swift; path = UsersListVM.swift; sourceTree = "<group>"; };
		ED3A602D2A102B50003DC922 /* UsersListVmProtocol.swift */ = {isa = PBXFileReference; fileEncoding = 4; lastKnownFileType = sourcecode.swift; path = UsersListVmProtocol.swift; sourceTree = "<group>"; };
		ED3A60322A102B74003DC922 /* UsersListTableViewCell.swift */ = {isa = PBXFileReference; fileEncoding = 4; lastKnownFileType = sourcecode.swift; path = UsersListTableViewCell.swift; sourceTree = "<group>"; };
/* End PBXFileReference section */

/* Begin PBXFrameworksBuildPhase section */
		40525B8729F8476000367AD1 /* Frameworks */ = {
			isa = PBXFrameworksBuildPhase;
			buildActionMask = 2147483647;
			files = (
				407AD7EF2A040FEE000054F2 /* TDLibKit in Frameworks */,
			);
			runOnlyForDeploymentPostprocessing = 0;
		};
/* End PBXFrameworksBuildPhase section */

/* Begin PBXGroup section */
		402ACFA92A097525006975E5 /* Modules */ = {
			isa = PBXGroup;
			children = (
				ED3A60272A102B12003DC922 /* UsersList */,
				40F833102A06A38D00E2CB86 /* LoginModule */,
			);
			path = Modules;
			sourceTree = "<group>";
		};
		404C326C2A0BEC4300613790 /* Models */ = {
			isa = PBXGroup;
			children = (
				ED3A60182A102A5D003DC922 /* NetworkModels */,
				404C326D2A0BEC5700613790 /* User.swift */,
			);
			path = Models;
			sourceTree = "<group>";
		};
		404C326F2A0BEC7500613790 /* Mappers */ = {
			isa = PBXGroup;
			children = (
				404C32702A0BEC8A00613790 /* AuthMapper.swift */,
			);
			path = Mappers;
			sourceTree = "<group>";
		};
		404EA6562A056B7B00CA6228 /* AuthService */ = {
			isa = PBXGroup;
			children = (
				404EA6572A056B8F00CA6228 /* AuthService.swift */,
				40F7AFC42A068BB8002EC857 /* AuthError.swift */,
			);
			path = AuthService;
			sourceTree = "<group>";
		};
		40525B8129F8476000367AD1 = {
			isa = PBXGroup;
			children = (
				40525B8C29F8476000367AD1 /* BeWired */,
				40525B8B29F8476000367AD1 /* Products */,
			);
			sourceTree = "<group>";
		};
		40525B8B29F8476000367AD1 /* Products */ = {
			isa = PBXGroup;
			children = (
				40525B8A29F8476000367AD1 /* BeWired.app */,
			);
			name = Products;
			sourceTree = "<group>";
		};
		40525B8C29F8476000367AD1 /* BeWired */ = {
			isa = PBXGroup;
			children = (
				40525BA429F8481D00367AD1 /* App */,
				404C326F2A0BEC7500613790 /* Mappers */,
				404C326C2A0BEC4300613790 /* Models */,
				40F7AFC82A0692E2002EC857 /* Extensions */,
				40525BA529F8485F00367AD1 /* Resources */,
				40525BA729F8488800367AD1 /* Services */,
				40525B9129F8476000367AD1 /* TestVC.swift */,
				402ACFA92A097525006975E5 /* Modules */,
			);
			path = BeWired;
			sourceTree = "<group>";
		};
		40525BA429F8481D00367AD1 /* App */ = {
			isa = PBXGroup;
			children = (
				40525B8D29F8476000367AD1 /* AppDelegate.swift */,
				40525B8F29F8476000367AD1 /* SceneDelegate.swift */,
				40525B9E29F8476200367AD1 /* Info.plist */,
			);
			path = App;
			sourceTree = "<group>";
		};
		40525BA529F8485F00367AD1 /* Resources */ = {
			isa = PBXGroup;
			children = (
				40525B9929F8476200367AD1 /* Assets.xcassets */,
				40525B9B29F8476200367AD1 /* LaunchScreen.storyboard */,
			);
			path = Resources;
			sourceTree = "<group>";
		};
		40525BA729F8488800367AD1 /* Services */ = {
			isa = PBXGroup;
			children = (
				ED3A601F2A102AC5003DC922 /* UserSubscriptionsService */,
				404EA6562A056B7B00CA6228 /* AuthService */,
				40525BA929F9178700367AD1 /* Audio */,
				40525BA829F8489400367AD1 /* CoreData */,
			);
			path = Services;
			sourceTree = "<group>";
		};
		40525BA829F8489400367AD1 /* CoreData */ = {
			isa = PBXGroup;
			children = (
				40525B9629F8476000367AD1 /* BeWired.xcdatamodeld */,
			);
			path = CoreData;
			sourceTree = "<group>";
		};
		40525BA929F9178700367AD1 /* Audio */ = {
			isa = PBXGroup;
			children = (
				400D2C5E2A024D2E0089ED6A /* AudioRecorder.swift */,
				40525BAC29F91F0D00367AD1 /* AudioPlayer.swift */,
				40525BAE29F91FD300367AD1 /* AudioStorage.swift */,
			);
			path = Audio;
			sourceTree = "<group>";
		};
		407E96912A07DD01008E6ACA /* Welcome */ = {
			isa = PBXGroup;
			children = (
				407E96922A07DD60008E6ACA /* WelcomeVC.swift */,
				407E96942A07E062008E6ACA /* WelcomeVM.swift */,
			);
			path = Welcome;
			sourceTree = "<group>";
		};
		40F5C7132A0797800025257E /* Login */ = {
			isa = PBXGroup;
			children = (
				40F7AFC62A068D1D002EC857 /* LoginVC.swift */,
				40F833112A06A3E600E2CB86 /* LoginVM.swift */,
			);
			path = Login;
			sourceTree = "<group>";
		};
		40F5C7142A07978C0025257E /* Confirmation */ = {
			isa = PBXGroup;
			children = (
				407E968D2A07D2E9008E6ACA /* ConfirmationVC.swift */,
				407E968F2A07D8AF008E6ACA /* ConfirmationVM.swift */,
			);
			path = Confirmation;
			sourceTree = "<group>";
		};
		40F7AFC82A0692E2002EC857 /* Extensions */ = {
			isa = PBXGroup;
			children = (
				40F7AFC92A069303002EC857 /* UIView+rounded.swift */,
				ED3A60102A1029D9003DC922 /* UIView + Extensions.swift */,
				ED3A60162A102A2D003DC922 /* String + Request.swift */,
				ED0FFA5C2A124BDC004A8F4F /* String + Entity names.swift */,
				40F7AFCB2A069321002EC857 /* Constants.swift */,
			);
			path = Extensions;
			sourceTree = "<group>";
		};
		40F833102A06A38D00E2CB86 /* LoginModule */ = {
			isa = PBXGroup;
			children = (
				40F5C7132A0797800025257E /* Login */,
				40F5C7142A07978C0025257E /* Confirmation */,
				407E96912A07DD01008E6ACA /* Welcome */,
			);
			path = LoginModule;
			sourceTree = "<group>";
		};
		ED3A60182A102A5D003DC922 /* NetworkModels */ = {
			isa = PBXGroup;
			children = (
				ED3A601C2A102A81003DC922 /* SubscriptionsModel */,
				ED3A60192A102A6E003DC922 /* UserDTO */,
			);
			path = NetworkModels;
			sourceTree = "<group>";
		};
		ED3A60192A102A6E003DC922 /* UserDTO */ = {
			isa = PBXGroup;
			children = (
				ED3A601A2A102A7A003DC922 /* UserDTO.swift */,
			);
			path = UserDTO;
			sourceTree = "<group>";
		};
		ED3A601C2A102A81003DC922 /* SubscriptionsModel */ = {
			isa = PBXGroup;
			children = (
				ED3A601D2A102A95003DC922 /* SubscriptionsModel.swift */,
			);
			path = SubscriptionsModel;
			sourceTree = "<group>";
		};
		ED3A601F2A102AC5003DC922 /* UserSubscriptionsService */ = {
			isa = PBXGroup;
			children = (
				ED3A60202A102AD1003DC922 /* SubscriptionsServiceProtocol.swift */,
				ED3A60222A102ADF003DC922 /* SubscriptionsService.swift */,
			);
			path = UserSubscriptionsService;
			sourceTree = "<group>";
		};
		ED3A60272A102B12003DC922 /* UsersList */ = {
			isa = PBXGroup;
			children = (
				ED3A60282A102B23003DC922 /* TableView */,
				ED3A602D2A102B50003DC922 /* UsersListVmProtocol.swift */,
				ED3A60292A102B3B003DC922 /* UsersListVC.swift */,
				ED3A602B2A102B42003DC922 /* UsersListVM.swift */,
			);
			path = UsersList;
			sourceTree = "<group>";
		};
		ED3A60282A102B23003DC922 /* TableView */ = {
			isa = PBXGroup;
			children = (
				ED3A60312A102B5F003DC922 /* UsersListTableViewCell */,
			);
			path = TableView;
			sourceTree = "<group>";
		};
		ED3A60312A102B5F003DC922 /* UsersListTableViewCell */ = {
			isa = PBXGroup;
			children = (
				ED3A60322A102B74003DC922 /* UsersListTableViewCell.swift */,
			);
			path = UsersListTableViewCell;
			sourceTree = "<group>";
		};
/* End PBXGroup section */

/* Begin PBXNativeTarget section */
		40525B8929F8476000367AD1 /* BeWired */ = {
			isa = PBXNativeTarget;
			buildConfigurationList = 40525BA129F8476200367AD1 /* Build configuration list for PBXNativeTarget "BeWired" */;
			buildPhases = (
				40525B8629F8476000367AD1 /* Sources */,
				40525B8729F8476000367AD1 /* Frameworks */,
				40525B8829F8476000367AD1 /* Resources */,
			);
			buildRules = (
			);
			dependencies = (
			);
			name = BeWired;
			packageProductDependencies = (
				407AD7EE2A040FEE000054F2 /* TDLibKit */,
			);
			productName = BeWired;
			productReference = 40525B8A29F8476000367AD1 /* BeWired.app */;
			productType = "com.apple.product-type.application";
		};
/* End PBXNativeTarget section */

/* Begin PBXProject section */
		40525B8229F8476000367AD1 /* Project object */ = {
			isa = PBXProject;
			attributes = {
				BuildIndependentTargetsInParallel = 1;
				LastSwiftUpdateCheck = 1410;
				LastUpgradeCheck = 1410;
				TargetAttributes = {
					40525B8929F8476000367AD1 = {
						CreatedOnToolsVersion = 14.1;
					};
				};
			};
			buildConfigurationList = 40525B8529F8476000367AD1 /* Build configuration list for PBXProject "BeWired" */;
			compatibilityVersion = "Xcode 14.0";
			developmentRegion = en;
			hasScannedForEncodings = 0;
			knownRegions = (
				en,
				Base,
			);
			mainGroup = 40525B8129F8476000367AD1;
			packageReferences = (
				407AD7ED2A040FEE000054F2 /* XCRemoteSwiftPackageReference "TDLibKit" */,
			);
			productRefGroup = 40525B8B29F8476000367AD1 /* Products */;
			projectDirPath = "";
			projectRoot = "";
			targets = (
				40525B8929F8476000367AD1 /* BeWired */,
			);
		};
/* End PBXProject section */

/* Begin PBXResourcesBuildPhase section */
		40525B8829F8476000367AD1 /* Resources */ = {
			isa = PBXResourcesBuildPhase;
			buildActionMask = 2147483647;
			files = (
				40525B9D29F8476200367AD1 /* LaunchScreen.storyboard in Resources */,
				40525B9A29F8476200367AD1 /* Assets.xcassets in Resources */,
			);
			runOnlyForDeploymentPostprocessing = 0;
		};
/* End PBXResourcesBuildPhase section */

/* Begin PBXSourcesBuildPhase section */
		40525B8629F8476000367AD1 /* Sources */ = {
			isa = PBXSourcesBuildPhase;
			buildActionMask = 2147483647;
			files = (
				ED3A60112A1029D9003DC922 /* UIView + Extensions.swift in Sources */,
				407E96952A07E062008E6ACA /* WelcomeVM.swift in Sources */,
				40525B9229F8476000367AD1 /* TestVC.swift in Sources */,
				407E968E2A07D2E9008E6ACA /* ConfirmationVC.swift in Sources */,
				40F833122A06A3E600E2CB86 /* LoginVM.swift in Sources */,
				ED3A602A2A102B3B003DC922 /* UsersListVC.swift in Sources */,
				ED3A601B2A102A7A003DC922 /* UserDTO.swift in Sources */,
				40525B8E29F8476000367AD1 /* AppDelegate.swift in Sources */,
				ED0FFA5D2A124BDC004A8F4F /* String + Entity names.swift in Sources */,
				ED3A60232A102ADF003DC922 /* SubscriptionsService.swift in Sources */,
				40525B9829F8476000367AD1 /* BeWired.xcdatamodeld in Sources */,
				ED3A60212A102AD1003DC922 /* SubscriptionsServiceProtocol.swift in Sources */,
				40525B9029F8476000367AD1 /* SceneDelegate.swift in Sources */,
				ED3A602C2A102B42003DC922 /* UsersListVM.swift in Sources */,
				ED3A60332A102B74003DC922 /* UsersListTableViewCell.swift in Sources */,
				ED3A60172A102A2D003DC922 /* String + Request.swift in Sources */,
				404C32712A0BEC8A00613790 /* AuthMapper.swift in Sources */,
				40F7AFC72A068D1D002EC857 /* LoginVC.swift in Sources */,
				40525BAF29F91FD300367AD1 /* AudioStorage.swift in Sources */,
				400D2C5F2A024D2E0089ED6A /* AudioRecorder.swift in Sources */,
				40F7AFCA2A069303002EC857 /* UIView+rounded.swift in Sources */,
				ED3A601E2A102A95003DC922 /* SubscriptionsModel.swift in Sources */,
				40F7AFC52A068BB8002EC857 /* AuthError.swift in Sources */,
				40525BAD29F91F0D00367AD1 /* AudioPlayer.swift in Sources */,
				407E96902A07D8AF008E6ACA /* ConfirmationVM.swift in Sources */,
				404C326E2A0BEC5700613790 /* User.swift in Sources */,
				404EA6582A056B8F00CA6228 /* AuthService.swift in Sources */,
				40F7AFCC2A069321002EC857 /* Constants.swift in Sources */,
				ED3A602E2A102B50003DC922 /* UsersListVmProtocol.swift in Sources */,
				407E96932A07DD60008E6ACA /* WelcomeVC.swift in Sources */,
			);
			runOnlyForDeploymentPostprocessing = 0;
		};
/* End PBXSourcesBuildPhase section */

/* Begin PBXVariantGroup section */
		40525B9B29F8476200367AD1 /* LaunchScreen.storyboard */ = {
			isa = PBXVariantGroup;
			children = (
				40525B9C29F8476200367AD1 /* Base */,
			);
			name = LaunchScreen.storyboard;
			sourceTree = "<group>";
		};
/* End PBXVariantGroup section */

/* Begin XCBuildConfiguration section */
		40525B9F29F8476200367AD1 /* Debug */ = {
			isa = XCBuildConfiguration;
			buildSettings = {
				ALWAYS_SEARCH_USER_PATHS = NO;
				CLANG_ANALYZER_NONNULL = YES;
				CLANG_ANALYZER_NUMBER_OBJECT_CONVERSION = YES_AGGRESSIVE;
				CLANG_CXX_LANGUAGE_STANDARD = "gnu++20";
				CLANG_ENABLE_MODULES = YES;
				CLANG_ENABLE_OBJC_ARC = YES;
				CLANG_ENABLE_OBJC_WEAK = YES;
				CLANG_WARN_BLOCK_CAPTURE_AUTORELEASING = YES;
				CLANG_WARN_BOOL_CONVERSION = YES;
				CLANG_WARN_COMMA = YES;
				CLANG_WARN_CONSTANT_CONVERSION = YES;
				CLANG_WARN_DEPRECATED_OBJC_IMPLEMENTATIONS = YES;
				CLANG_WARN_DIRECT_OBJC_ISA_USAGE = YES_ERROR;
				CLANG_WARN_DOCUMENTATION_COMMENTS = YES;
				CLANG_WARN_EMPTY_BODY = YES;
				CLANG_WARN_ENUM_CONVERSION = YES;
				CLANG_WARN_INFINITE_RECURSION = YES;
				CLANG_WARN_INT_CONVERSION = YES;
				CLANG_WARN_NON_LITERAL_NULL_CONVERSION = YES;
				CLANG_WARN_OBJC_IMPLICIT_RETAIN_SELF = YES;
				CLANG_WARN_OBJC_LITERAL_CONVERSION = YES;
				CLANG_WARN_OBJC_ROOT_CLASS = YES_ERROR;
				CLANG_WARN_QUOTED_INCLUDE_IN_FRAMEWORK_HEADER = YES;
				CLANG_WARN_RANGE_LOOP_ANALYSIS = YES;
				CLANG_WARN_STRICT_PROTOTYPES = YES;
				CLANG_WARN_SUSPICIOUS_MOVE = YES;
				CLANG_WARN_UNGUARDED_AVAILABILITY = YES_AGGRESSIVE;
				CLANG_WARN_UNREACHABLE_CODE = YES;
				CLANG_WARN__DUPLICATE_METHOD_MATCH = YES;
				COPY_PHASE_STRIP = NO;
				DEBUG_INFORMATION_FORMAT = dwarf;
				ENABLE_STRICT_OBJC_MSGSEND = YES;
				ENABLE_TESTABILITY = YES;
				GCC_C_LANGUAGE_STANDARD = gnu11;
				GCC_DYNAMIC_NO_PIC = NO;
				GCC_NO_COMMON_BLOCKS = YES;
				GCC_OPTIMIZATION_LEVEL = 0;
				GCC_PREPROCESSOR_DEFINITIONS = (
					"DEBUG=1",
					"$(inherited)",
				);
				GCC_WARN_64_TO_32_BIT_CONVERSION = YES;
				GCC_WARN_ABOUT_RETURN_TYPE = YES_ERROR;
				GCC_WARN_UNDECLARED_SELECTOR = YES;
				GCC_WARN_UNINITIALIZED_AUTOS = YES_AGGRESSIVE;
				GCC_WARN_UNUSED_FUNCTION = YES;
				GCC_WARN_UNUSED_VARIABLE = YES;
				IPHONEOS_DEPLOYMENT_TARGET = 15.0;
				MTL_ENABLE_DEBUG_INFO = INCLUDE_SOURCE;
				MTL_FAST_MATH = YES;
				ONLY_ACTIVE_ARCH = YES;
				SDKROOT = iphoneos;
				SWIFT_ACTIVE_COMPILATION_CONDITIONS = DEBUG;
				SWIFT_OPTIMIZATION_LEVEL = "-Onone";
			};
			name = Debug;
		};
		40525BA029F8476200367AD1 /* Release */ = {
			isa = XCBuildConfiguration;
			buildSettings = {
				ALWAYS_SEARCH_USER_PATHS = NO;
				CLANG_ANALYZER_NONNULL = YES;
				CLANG_ANALYZER_NUMBER_OBJECT_CONVERSION = YES_AGGRESSIVE;
				CLANG_CXX_LANGUAGE_STANDARD = "gnu++20";
				CLANG_ENABLE_MODULES = YES;
				CLANG_ENABLE_OBJC_ARC = YES;
				CLANG_ENABLE_OBJC_WEAK = YES;
				CLANG_WARN_BLOCK_CAPTURE_AUTORELEASING = YES;
				CLANG_WARN_BOOL_CONVERSION = YES;
				CLANG_WARN_COMMA = YES;
				CLANG_WARN_CONSTANT_CONVERSION = YES;
				CLANG_WARN_DEPRECATED_OBJC_IMPLEMENTATIONS = YES;
				CLANG_WARN_DIRECT_OBJC_ISA_USAGE = YES_ERROR;
				CLANG_WARN_DOCUMENTATION_COMMENTS = YES;
				CLANG_WARN_EMPTY_BODY = YES;
				CLANG_WARN_ENUM_CONVERSION = YES;
				CLANG_WARN_INFINITE_RECURSION = YES;
				CLANG_WARN_INT_CONVERSION = YES;
				CLANG_WARN_NON_LITERAL_NULL_CONVERSION = YES;
				CLANG_WARN_OBJC_IMPLICIT_RETAIN_SELF = YES;
				CLANG_WARN_OBJC_LITERAL_CONVERSION = YES;
				CLANG_WARN_OBJC_ROOT_CLASS = YES_ERROR;
				CLANG_WARN_QUOTED_INCLUDE_IN_FRAMEWORK_HEADER = YES;
				CLANG_WARN_RANGE_LOOP_ANALYSIS = YES;
				CLANG_WARN_STRICT_PROTOTYPES = YES;
				CLANG_WARN_SUSPICIOUS_MOVE = YES;
				CLANG_WARN_UNGUARDED_AVAILABILITY = YES_AGGRESSIVE;
				CLANG_WARN_UNREACHABLE_CODE = YES;
				CLANG_WARN__DUPLICATE_METHOD_MATCH = YES;
				COPY_PHASE_STRIP = NO;
				DEBUG_INFORMATION_FORMAT = "dwarf-with-dsym";
				ENABLE_NS_ASSERTIONS = NO;
				ENABLE_STRICT_OBJC_MSGSEND = YES;
				GCC_C_LANGUAGE_STANDARD = gnu11;
				GCC_NO_COMMON_BLOCKS = YES;
				GCC_WARN_64_TO_32_BIT_CONVERSION = YES;
				GCC_WARN_ABOUT_RETURN_TYPE = YES_ERROR;
				GCC_WARN_UNDECLARED_SELECTOR = YES;
				GCC_WARN_UNINITIALIZED_AUTOS = YES_AGGRESSIVE;
				GCC_WARN_UNUSED_FUNCTION = YES;
				GCC_WARN_UNUSED_VARIABLE = YES;
				IPHONEOS_DEPLOYMENT_TARGET = 15.0;
				MTL_ENABLE_DEBUG_INFO = NO;
				MTL_FAST_MATH = YES;
				SDKROOT = iphoneos;
				SWIFT_COMPILATION_MODE = wholemodule;
				SWIFT_OPTIMIZATION_LEVEL = "-O";
				VALIDATE_PRODUCT = YES;
			};
			name = Release;
		};
		40525BA229F8476200367AD1 /* Debug */ = {
			isa = XCBuildConfiguration;
			buildSettings = {
				ASSETCATALOG_COMPILER_APPICON_NAME = AppIcon;
				ASSETCATALOG_COMPILER_GLOBAL_ACCENT_COLOR_NAME = AccentColor;
				CODE_SIGN_STYLE = Automatic;
				CURRENT_PROJECT_VERSION = 1;
				DEVELOPMENT_TEAM = CK7G8B5AC6;
				GENERATE_INFOPLIST_FILE = YES;
				INFOPLIST_FILE = BeWired/App/Info.plist;
				INFOPLIST_KEY_UIApplicationSupportsIndirectInputEvents = YES;
				INFOPLIST_KEY_UILaunchStoryboardName = LaunchScreen;
				INFOPLIST_KEY_UISupportedInterfaceOrientations_iPad = "UIInterfaceOrientationPortrait UIInterfaceOrientationPortraitUpsideDown UIInterfaceOrientationLandscapeLeft UIInterfaceOrientationLandscapeRight";
				INFOPLIST_KEY_UISupportedInterfaceOrientations_iPhone = "UIInterfaceOrientationPortrait UIInterfaceOrientationLandscapeLeft UIInterfaceOrientationLandscapeRight";
				IPHONEOS_DEPLOYMENT_TARGET = 15.0;
				LD_RUNPATH_SEARCH_PATHS = (
					"$(inherited)",
					"@executable_path/Frameworks",
				);
				MARKETING_VERSION = 1.0;
				PRODUCT_BUNDLE_IDENTIFIER = d.o.kononov.BeWired;
				PRODUCT_NAME = "$(TARGET_NAME)";
				SWIFT_EMIT_LOC_STRINGS = YES;
				SWIFT_VERSION = 5.0;
				TARGETED_DEVICE_FAMILY = "1,2";
			};
			name = Debug;
		};
		40525BA329F8476200367AD1 /* Release */ = {
			isa = XCBuildConfiguration;
			buildSettings = {
				ASSETCATALOG_COMPILER_APPICON_NAME = AppIcon;
				ASSETCATALOG_COMPILER_GLOBAL_ACCENT_COLOR_NAME = AccentColor;
				CODE_SIGN_STYLE = Automatic;
				CURRENT_PROJECT_VERSION = 1;
				DEVELOPMENT_TEAM = CK7G8B5AC6;
				GENERATE_INFOPLIST_FILE = YES;
				INFOPLIST_FILE = BeWired/App/Info.plist;
				INFOPLIST_KEY_UIApplicationSupportsIndirectInputEvents = YES;
				INFOPLIST_KEY_UILaunchStoryboardName = LaunchScreen;
				INFOPLIST_KEY_UISupportedInterfaceOrientations_iPad = "UIInterfaceOrientationPortrait UIInterfaceOrientationPortraitUpsideDown UIInterfaceOrientationLandscapeLeft UIInterfaceOrientationLandscapeRight";
				INFOPLIST_KEY_UISupportedInterfaceOrientations_iPhone = "UIInterfaceOrientationPortrait UIInterfaceOrientationLandscapeLeft UIInterfaceOrientationLandscapeRight";
				IPHONEOS_DEPLOYMENT_TARGET = 15.0;
				LD_RUNPATH_SEARCH_PATHS = (
					"$(inherited)",
					"@executable_path/Frameworks",
				);
				MARKETING_VERSION = 1.0;
				PRODUCT_BUNDLE_IDENTIFIER = d.o.kononov.BeWired;
				PRODUCT_NAME = "$(TARGET_NAME)";
				SWIFT_EMIT_LOC_STRINGS = YES;
				SWIFT_VERSION = 5.0;
				TARGETED_DEVICE_FAMILY = "1,2";
			};
			name = Release;
		};
/* End XCBuildConfiguration section */

/* Begin XCConfigurationList section */
		40525B8529F8476000367AD1 /* Build configuration list for PBXProject "BeWired" */ = {
			isa = XCConfigurationList;
			buildConfigurations = (
				40525B9F29F8476200367AD1 /* Debug */,
				40525BA029F8476200367AD1 /* Release */,
			);
			defaultConfigurationIsVisible = 0;
			defaultConfigurationName = Release;
		};
		40525BA129F8476200367AD1 /* Build configuration list for PBXNativeTarget "BeWired" */ = {
			isa = XCConfigurationList;
			buildConfigurations = (
				40525BA229F8476200367AD1 /* Debug */,
				40525BA329F8476200367AD1 /* Release */,
			);
			defaultConfigurationIsVisible = 0;
			defaultConfigurationName = Release;
		};
/* End XCConfigurationList section */

/* Begin XCRemoteSwiftPackageReference section */
		407AD7ED2A040FEE000054F2 /* XCRemoteSwiftPackageReference "TDLibKit" */ = {
			isa = XCRemoteSwiftPackageReference;
			repositoryURL = "https://github.com/Swiftgram/TDLibKit";
			requirement = {
				branch = main;
				kind = branch;
			};
		};
/* End XCRemoteSwiftPackageReference section */

/* Begin XCSwiftPackageProductDependency section */
		407AD7EE2A040FEE000054F2 /* TDLibKit */ = {
			isa = XCSwiftPackageProductDependency;
			package = 407AD7ED2A040FEE000054F2 /* XCRemoteSwiftPackageReference "TDLibKit" */;
			productName = TDLibKit;
		};
/* End XCSwiftPackageProductDependency section */

/* Begin XCVersionGroup section */
		40525B9629F8476000367AD1 /* BeWired.xcdatamodeld */ = {
			isa = XCVersionGroup;
			children = (
				40525B9729F8476000367AD1 /* BeWired.xcdatamodel */,
			);
			currentVersion = 40525B9729F8476000367AD1 /* BeWired.xcdatamodel */;
			path = BeWired.xcdatamodeld;
			sourceTree = "<group>";
			versionGroupType = wrapper.xcdatamodel;
		};
/* End XCVersionGroup section */
	};
	rootObject = 40525B8229F8476000367AD1 /* Project object */;
}
