// !$*UTF8*$!
{
	archiveVersion = 1;
	classes = {
	};
	objectVersion = 56;
	objects = {

/* Begin PBXBuildFile section */
		4002D4692A19176E005F3DEA /* UIViewController+Alert.swift in Sources */ = {isa = PBXBuildFile; fileRef = 4002D4682A19176E005F3DEA /* UIViewController+Alert.swift */; };
		4002D46B2A1919C9005F3DEA /* RecordCell.swift in Sources */ = {isa = PBXBuildFile; fileRef = 4002D46A2A1919C9005F3DEA /* RecordCell.swift */; };
		400D2C5F2A024D2E0089ED6A /* AudioRecorder.swift in Sources */ = {isa = PBXBuildFile; fileRef = 400D2C5E2A024D2E0089ED6A /* AudioRecorder.swift */; };
		401441C02A11057300F7B508 /* BeWiredsVC.swift in Sources */ = {isa = PBXBuildFile; fileRef = 401441BF2A11057300F7B508 /* BeWiredsVC.swift */; };
		401441C22A11059800F7B508 /* BeWiredsVM.swift in Sources */ = {isa = PBXBuildFile; fileRef = 401441C12A11059800F7B508 /* BeWiredsVM.swift */; };
		401441C42A11085200F7B508 /* BeWiredCell.swift in Sources */ = {isa = PBXBuildFile; fileRef = 401441C32A11085200F7B508 /* BeWiredCell.swift */; };
		401441C62A110BB500F7B508 /* BeWiredTest.swift in Sources */ = {isa = PBXBuildFile; fileRef = 401441C52A110BB500F7B508 /* BeWiredTest.swift */; };
		401441C82A11163B00F7B508 /* Date+String.swift in Sources */ = {isa = PBXBuildFile; fileRef = 401441C72A11163B00F7B508 /* Date+String.swift */; };
		401441CA2A11187D00F7B508 /* TimeInterval+String.swift in Sources */ = {isa = PBXBuildFile; fileRef = 401441C92A11187D00F7B508 /* TimeInterval+String.swift */; };
		401441CC2A12511700F7B508 /* FakePullService.swift in Sources */ = {isa = PBXBuildFile; fileRef = 401441CB2A12511700F7B508 /* FakePullService.swift */; };
		4039AE112A30E64600F267BE /* FeedVC.swift in Sources */ = {isa = PBXBuildFile; fileRef = 4039AE102A30E64600F267BE /* FeedVC.swift */; };
		4039AE132A30E6D200F267BE /* FeedCell.swift in Sources */ = {isa = PBXBuildFile; fileRef = 4039AE122A30E6D200F267BE /* FeedCell.swift */; };
		4039AE152A30E6FF00F267BE /* FeedVM.swift in Sources */ = {isa = PBXBuildFile; fileRef = 4039AE142A30E6FF00F267BE /* FeedVM.swift */; };
		4039AE172A30E76D00F267BE /* PullStatus.swift in Sources */ = {isa = PBXBuildFile; fileRef = 4039AE162A30E76D00F267BE /* PullStatus.swift */; };
		4039AE192A30E7DE00F267BE /* UIColor+hex.swift in Sources */ = {isa = PBXBuildFile; fileRef = 4039AE182A30E7DE00F267BE /* UIColor+hex.swift */; };
		4039AE1E2A324D5200F267BE /* UIImage+Names.swift in Sources */ = {isa = PBXBuildFile; fileRef = 4039AE1D2A324D5200F267BE /* UIImage+Names.swift */; };
		4039AE242A3258CE00F267BE /* UIView+Spacer.swift in Sources */ = {isa = PBXBuildFile; fileRef = 4039AE232A3258CE00F267BE /* UIView+Spacer.swift */; };
		4039AE262A3333F800F267BE /* ProfileButton.swift in Sources */ = {isa = PBXBuildFile; fileRef = 4039AE252A3333F800F267BE /* ProfileButton.swift */; };
		404C326E2A0BEC5700613790 /* User.swift in Sources */ = {isa = PBXBuildFile; fileRef = 404C326D2A0BEC5700613790 /* User.swift */; };
		404C32712A0BEC8A00613790 /* AuthMapper.swift in Sources */ = {isa = PBXBuildFile; fileRef = 404C32702A0BEC8A00613790 /* AuthMapper.swift */; };
		404EA6582A056B8F00CA6228 /* AuthService.swift in Sources */ = {isa = PBXBuildFile; fileRef = 404EA6572A056B8F00CA6228 /* AuthService.swift */; };
		40525B8E29F8476000367AD1 /* AppDelegate.swift in Sources */ = {isa = PBXBuildFile; fileRef = 40525B8D29F8476000367AD1 /* AppDelegate.swift */; };
		40525B9029F8476000367AD1 /* SceneDelegate.swift in Sources */ = {isa = PBXBuildFile; fileRef = 40525B8F29F8476000367AD1 /* SceneDelegate.swift */; };
		40525B9829F8476000367AD1 /* BeWired.xcdatamodeld in Sources */ = {isa = PBXBuildFile; fileRef = 40525B9629F8476000367AD1 /* BeWired.xcdatamodeld */; };
		40525B9A29F8476200367AD1 /* Assets.xcassets in Resources */ = {isa = PBXBuildFile; fileRef = 40525B9929F8476200367AD1 /* Assets.xcassets */; };
		40525B9D29F8476200367AD1 /* LaunchScreen.storyboard in Resources */ = {isa = PBXBuildFile; fileRef = 40525B9B29F8476200367AD1 /* LaunchScreen.storyboard */; };
		40525BAD29F91F0D00367AD1 /* AudioPlayer.swift in Sources */ = {isa = PBXBuildFile; fileRef = 40525BAC29F91F0D00367AD1 /* AudioPlayer.swift */; };
		40525BAF29F91FD300367AD1 /* AudioStorage.swift in Sources */ = {isa = PBXBuildFile; fileRef = 40525BAE29F91FD300367AD1 /* AudioStorage.swift */; };
		4058F9FB2A1FBFDE00D8DFA3 /* RecordType.swift in Sources */ = {isa = PBXBuildFile; fileRef = 4058F9FA2A1FBFDE00D8DFA3 /* RecordType.swift */; };
		4068D0822A24BD44002198BA /* String + drop.swift in Sources */ = {isa = PBXBuildFile; fileRef = 4068D0812A24BD44002198BA /* String + drop.swift */; };
		407AD7EF2A040FEE000054F2 /* TDLibKit in Frameworks */ = {isa = PBXBuildFile; productRef = 407AD7EE2A040FEE000054F2 /* TDLibKit */; };
		407E968E2A07D2E9008E6ACA /* ConfirmationVC.swift in Sources */ = {isa = PBXBuildFile; fileRef = 407E968D2A07D2E9008E6ACA /* ConfirmationVC.swift */; };
		407E96902A07D8AF008E6ACA /* ConfirmationVM.swift in Sources */ = {isa = PBXBuildFile; fileRef = 407E968F2A07D8AF008E6ACA /* ConfirmationVM.swift */; };
		409530AC2A18E36900A696B6 /* RecordsVC.swift in Sources */ = {isa = PBXBuildFile; fileRef = 409530AB2A18E36900A696B6 /* RecordsVC.swift */; };
		409530AE2A18E37200A696B6 /* RecordsVM.swift in Sources */ = {isa = PBXBuildFile; fileRef = 409530AD2A18E37200A696B6 /* RecordsVM.swift */; };
		40A610BB2A3B1E4A00A1E891 /* ProfileVC.swift in Sources */ = {isa = PBXBuildFile; fileRef = 40A610BA2A3B1E4A00A1E891 /* ProfileVC.swift */; };
		40A610BD2A3B1E5300A1E891 /* ProfileVM.swift in Sources */ = {isa = PBXBuildFile; fileRef = 40A610BC2A3B1E5300A1E891 /* ProfileVM.swift */; };
		40A610BF2A3B553800A1E891 /* ProfileView.swift in Sources */ = {isa = PBXBuildFile; fileRef = 40A610BE2A3B553800A1E891 /* ProfileView.swift */; };
		40A610C12A3B89DD00A1E891 /* ProfileViewButton.swift in Sources */ = {isa = PBXBuildFile; fileRef = 40A610C02A3B89DD00A1E891 /* ProfileViewButton.swift */; };
		40A610C32A3CA59300A1E891 /* TimeStampCell.swift in Sources */ = {isa = PBXBuildFile; fileRef = 40A610C22A3CA59300A1E891 /* TimeStampCell.swift */; };
		40A610C52A3CB24F00A1E891 /* DiaryHeader.swift in Sources */ = {isa = PBXBuildFile; fileRef = 40A610C42A3CB24F00A1E891 /* DiaryHeader.swift */; };
		40D3DB5B2A168E35001D5FD5 /* AudioResult.swift in Sources */ = {isa = PBXBuildFile; fileRef = 40D3DB5A2A168E35001D5FD5 /* AudioResult.swift */; };
		40D4D9992A1E291A00D9D3A9 /* PullService.swift in Sources */ = {isa = PBXBuildFile; fileRef = 40D4D9982A1E291A00D9D3A9 /* PullService.swift */; };
		40D4D9A12A1E565000D9D3A9 /* SwiftOGG in Frameworks */ = {isa = PBXBuildFile; productRef = 40D4D9A02A1E565000D9D3A9 /* SwiftOGG */; };
		40D8B45A2A34597000BAED0B /* MicView.swift in Sources */ = {isa = PBXBuildFile; fileRef = 40D8B4592A34597000BAED0B /* MicView.swift */; };
		40F7AFC72A068D1D002EC857 /* LoginVC.swift in Sources */ = {isa = PBXBuildFile; fileRef = 40F7AFC62A068D1D002EC857 /* LoginVC.swift */; };
		40F7AFCA2A069303002EC857 /* UIView+rounded.swift in Sources */ = {isa = PBXBuildFile; fileRef = 40F7AFC92A069303002EC857 /* UIView+rounded.swift */; };
		40F7AFCC2A069321002EC857 /* Constants.swift in Sources */ = {isa = PBXBuildFile; fileRef = 40F7AFCB2A069321002EC857 /* Constants.swift */; };
		40F833122A06A3E600E2CB86 /* LoginVM.swift in Sources */ = {isa = PBXBuildFile; fileRef = 40F833112A06A3E600E2CB86 /* LoginVM.swift */; };
		ED0FFA5D2A124BDC004A8F4F /* String + Entity names.swift in Sources */ = {isa = PBXBuildFile; fileRef = ED0FFA5C2A124BDC004A8F4F /* String + Entity names.swift */; };
		ED2762902A289644005385EC /* Inter-Medium.ttf in Resources */ = {isa = PBXBuildFile; fileRef = ED27628F2A289644005385EC /* Inter-Medium.ttf */; };
		ED2762922A28A77C005385EC /* UITextField + Extension.swift in Sources */ = {isa = PBXBuildFile; fileRef = ED2762912A28A77C005385EC /* UITextField + Extension.swift */; };
		ED2762942A28AC35005385EC /* PrimaryButton.swift in Sources */ = {isa = PBXBuildFile; fileRef = ED2762932A28AC35005385EC /* PrimaryButton.swift */; };
		ED3A60112A1029D9003DC922 /* UIView + Extensions.swift in Sources */ = {isa = PBXBuildFile; fileRef = ED3A60102A1029D9003DC922 /* UIView + Extensions.swift */; };
		ED3A60172A102A2D003DC922 /* String + Request.swift in Sources */ = {isa = PBXBuildFile; fileRef = ED3A60162A102A2D003DC922 /* String + Request.swift */; };
		ED3A601B2A102A7A003DC922 /* UserDTO.swift in Sources */ = {isa = PBXBuildFile; fileRef = ED3A601A2A102A7A003DC922 /* UserDTO.swift */; };
		ED3A601E2A102A95003DC922 /* SubscriptionsModel.swift in Sources */ = {isa = PBXBuildFile; fileRef = ED3A601D2A102A95003DC922 /* SubscriptionsModel.swift */; };
		ED3A60212A102AD1003DC922 /* SubscriptionsServiceProtocol.swift in Sources */ = {isa = PBXBuildFile; fileRef = ED3A60202A102AD1003DC922 /* SubscriptionsServiceProtocol.swift */; };
		ED3A60232A102ADF003DC922 /* SubscriptionsService.swift in Sources */ = {isa = PBXBuildFile; fileRef = ED3A60222A102ADF003DC922 /* SubscriptionsService.swift */; };
		ED3A602A2A102B3B003DC922 /* UsersListVC.swift in Sources */ = {isa = PBXBuildFile; fileRef = ED3A60292A102B3B003DC922 /* UsersListVC.swift */; };
		ED3A602C2A102B42003DC922 /* UsersListVM.swift in Sources */ = {isa = PBXBuildFile; fileRef = ED3A602B2A102B42003DC922 /* UsersListVM.swift */; };
		ED3A602E2A102B50003DC922 /* UsersListVmProtocol.swift in Sources */ = {isa = PBXBuildFile; fileRef = ED3A602D2A102B50003DC922 /* UsersListVmProtocol.swift */; };
		ED3A60332A102B74003DC922 /* UsersListTableViewCell.swift in Sources */ = {isa = PBXBuildFile; fileRef = ED3A60322A102B74003DC922 /* UsersListTableViewCell.swift */; };
		ED5A34A52A2DD6B4008113E8 /* UIView + Layers.swift in Sources */ = {isa = PBXBuildFile; fileRef = ED5A34A42A2DD6B4008113E8 /* UIView + Layers.swift */; };
		ED7C6E5B2A30E0F900165A23 /* DeckVC.swift in Sources */ = {isa = PBXBuildFile; fileRef = ED7C6E5A2A30E0F900165A23 /* DeckVC.swift */; };
		ED7CC0352A2C74560080AD26 /* MainVC.swift in Sources */ = {isa = PBXBuildFile; fileRef = ED7CC0342A2C74560080AD26 /* MainVC.swift */; };
		ED7CC0372A2C74620080AD26 /* MainVM.swift in Sources */ = {isa = PBXBuildFile; fileRef = ED7CC0362A2C74620080AD26 /* MainVM.swift */; };
		ED8E9F3C2A38F3D4004A99B0 /* SplashVM.swift in Sources */ = {isa = PBXBuildFile; fileRef = ED8E9F3B2A38F3D4004A99B0 /* SplashVM.swift */; };
		EDA36ADD2A25DF40004D4F68 /* Inter-SemiBold.ttf in Resources */ = {isa = PBXBuildFile; fileRef = EDA36ADC2A25DF40004D4F68 /* Inter-SemiBold.ttf */; };
		EDA8D7FA2A24CB35009BDF91 /* SplashVC.swift in Sources */ = {isa = PBXBuildFile; fileRef = EDA8D7F92A24CB35009BDF91 /* SplashVC.swift */; };
		EDA8D7FC2A24CCF5009BDF91 /* UIColor + Extension.swift in Sources */ = {isa = PBXBuildFile; fileRef = EDA8D7FB2A24CCF5009BDF91 /* UIColor + Extension.swift */; };
		EDA8D7FF2A24DA96009BDF91 /* Inter-Bold.ttf in Resources */ = {isa = PBXBuildFile; fileRef = EDA8D7FE2A24DA96009BDF91 /* Inter-Bold.ttf */; };
		EDA8D8012A24DB3A009BDF91 /* UIFont + Extension.swift in Sources */ = {isa = PBXBuildFile; fileRef = EDA8D8002A24DB3A009BDF91 /* UIFont + Extension.swift */; };
		EDAA1CB82A37290C009349B4 /* AudioPlayerView.swift in Sources */ = {isa = PBXBuildFile; fileRef = EDAA1CB72A37290C009349B4 /* AudioPlayerView.swift */; };
		EDB4A7FF2A28CC9A00AA7E4B /* UniversalLabel.swift in Sources */ = {isa = PBXBuildFile; fileRef = EDB4A7FE2A28CC9A00AA7E4B /* UniversalLabel.swift */; };
		EDB4A8022A28D24E00AA7E4B /* SingleDigitTextField.swift in Sources */ = {isa = PBXBuildFile; fileRef = EDB4A8012A28D24E00AA7E4B /* SingleDigitTextField.swift */; };
		EDC8BCE52A4084E500D886B3 /* MovingPlayerViewProtocol.swift in Sources */ = {isa = PBXBuildFile; fileRef = EDC8BCE42A4084E400D886B3 /* MovingPlayerViewProtocol.swift */; };
		EDC8BCE72A4084EC00D886B3 /* AudioPlayerViewProtocol.swift in Sources */ = {isa = PBXBuildFile; fileRef = EDC8BCE62A4084EC00D886B3 /* AudioPlayerViewProtocol.swift */; };
		EDF028E82A31E87F0047CAEC /* DeckTableViewCell.swift in Sources */ = {isa = PBXBuildFile; fileRef = EDF028E72A31E87F0047CAEC /* DeckTableViewCell.swift */; };
		EDF028EB2A31EADF0047CAEC /* DeckVM.swift in Sources */ = {isa = PBXBuildFile; fileRef = EDF028EA2A31EADF0047CAEC /* DeckVM.swift */; };
		EDF028ED2A31F27C0047CAEC /* DeckVMProtocol.swift in Sources */ = {isa = PBXBuildFile; fileRef = EDF028EC2A31F27C0047CAEC /* DeckVMProtocol.swift */; };
		EDF23F542A2A0B62008F1D6C /* activityIndicator.gif in Resources */ = {isa = PBXBuildFile; fileRef = EDF23F532A2A0B62008F1D6C /* activityIndicator.gif */; };
		EDF23F562A2A0DE4008F1D6C /* UIImageView + Gif.swift in Sources */ = {isa = PBXBuildFile; fileRef = EDF23F552A2A0DE4008F1D6C /* UIImageView + Gif.swift */; };
		EDFFE5DD2A331D2D00F03A6C /* DeckHeaderView.swift in Sources */ = {isa = PBXBuildFile; fileRef = EDFFE5DC2A331D2D00F03A6C /* DeckHeaderView.swift */; };
/* End PBXBuildFile section */

/* Begin PBXFileReference section */
		4002D4682A19176E005F3DEA /* UIViewController+Alert.swift */ = {isa = PBXFileReference; lastKnownFileType = sourcecode.swift; path = "UIViewController+Alert.swift"; sourceTree = "<group>"; };
		4002D46A2A1919C9005F3DEA /* RecordCell.swift */ = {isa = PBXFileReference; lastKnownFileType = sourcecode.swift; path = RecordCell.swift; sourceTree = "<group>"; };
		400D2C5E2A024D2E0089ED6A /* AudioRecorder.swift */ = {isa = PBXFileReference; fileEncoding = 4; lastKnownFileType = sourcecode.swift; path = AudioRecorder.swift; sourceTree = "<group>"; };
		401441BF2A11057300F7B508 /* BeWiredsVC.swift */ = {isa = PBXFileReference; lastKnownFileType = sourcecode.swift; path = BeWiredsVC.swift; sourceTree = "<group>"; };
		401441C12A11059800F7B508 /* BeWiredsVM.swift */ = {isa = PBXFileReference; lastKnownFileType = sourcecode.swift; path = BeWiredsVM.swift; sourceTree = "<group>"; };
		401441C32A11085200F7B508 /* BeWiredCell.swift */ = {isa = PBXFileReference; lastKnownFileType = sourcecode.swift; path = BeWiredCell.swift; sourceTree = "<group>"; };
		401441C52A110BB500F7B508 /* BeWiredTest.swift */ = {isa = PBXFileReference; lastKnownFileType = sourcecode.swift; path = BeWiredTest.swift; sourceTree = "<group>"; };
		401441C72A11163B00F7B508 /* Date+String.swift */ = {isa = PBXFileReference; lastKnownFileType = sourcecode.swift; path = "Date+String.swift"; sourceTree = "<group>"; };
		401441C92A11187D00F7B508 /* TimeInterval+String.swift */ = {isa = PBXFileReference; lastKnownFileType = sourcecode.swift; path = "TimeInterval+String.swift"; sourceTree = "<group>"; };
		401441CB2A12511700F7B508 /* FakePullService.swift */ = {isa = PBXFileReference; lastKnownFileType = sourcecode.swift; path = FakePullService.swift; sourceTree = "<group>"; };
		4039AE102A30E64600F267BE /* FeedVC.swift */ = {isa = PBXFileReference; lastKnownFileType = sourcecode.swift; path = FeedVC.swift; sourceTree = "<group>"; };
		4039AE122A30E6D200F267BE /* FeedCell.swift */ = {isa = PBXFileReference; lastKnownFileType = sourcecode.swift; path = FeedCell.swift; sourceTree = "<group>"; };
		4039AE142A30E6FF00F267BE /* FeedVM.swift */ = {isa = PBXFileReference; lastKnownFileType = sourcecode.swift; path = FeedVM.swift; sourceTree = "<group>"; };
		4039AE162A30E76D00F267BE /* PullStatus.swift */ = {isa = PBXFileReference; lastKnownFileType = sourcecode.swift; path = PullStatus.swift; sourceTree = "<group>"; };
		4039AE182A30E7DE00F267BE /* UIColor+hex.swift */ = {isa = PBXFileReference; lastKnownFileType = sourcecode.swift; path = "UIColor+hex.swift"; sourceTree = "<group>"; };
		4039AE1C2A32076500F267BE /* Inter-Regular.otf */ = {isa = PBXFileReference; lastKnownFileType = file; path = "Inter-Regular.otf"; sourceTree = "<group>"; };
		4039AE1D2A324D5200F267BE /* UIImage+Names.swift */ = {isa = PBXFileReference; lastKnownFileType = sourcecode.swift; path = "UIImage+Names.swift"; sourceTree = "<group>"; };
		4039AE232A3258CE00F267BE /* UIView+Spacer.swift */ = {isa = PBXFileReference; lastKnownFileType = sourcecode.swift; path = "UIView+Spacer.swift"; sourceTree = "<group>"; };
		4039AE252A3333F800F267BE /* ProfileButton.swift */ = {isa = PBXFileReference; lastKnownFileType = sourcecode.swift; path = ProfileButton.swift; sourceTree = "<group>"; };
		404C326D2A0BEC5700613790 /* User.swift */ = {isa = PBXFileReference; lastKnownFileType = sourcecode.swift; path = User.swift; sourceTree = "<group>"; };
		404C32702A0BEC8A00613790 /* AuthMapper.swift */ = {isa = PBXFileReference; lastKnownFileType = sourcecode.swift; path = AuthMapper.swift; sourceTree = "<group>"; };
		404EA6572A056B8F00CA6228 /* AuthService.swift */ = {isa = PBXFileReference; lastKnownFileType = sourcecode.swift; path = AuthService.swift; sourceTree = "<group>"; };
		40525B8A29F8476000367AD1 /* BeWired.app */ = {isa = PBXFileReference; explicitFileType = wrapper.application; includeInIndex = 0; path = BeWired.app; sourceTree = BUILT_PRODUCTS_DIR; };
		40525B8D29F8476000367AD1 /* AppDelegate.swift */ = {isa = PBXFileReference; lastKnownFileType = sourcecode.swift; path = AppDelegate.swift; sourceTree = "<group>"; };
		40525B8F29F8476000367AD1 /* SceneDelegate.swift */ = {isa = PBXFileReference; lastKnownFileType = sourcecode.swift; path = SceneDelegate.swift; sourceTree = "<group>"; };
		40525B9729F8476000367AD1 /* BeWired.xcdatamodel */ = {isa = PBXFileReference; lastKnownFileType = wrapper.xcdatamodel; path = BeWired.xcdatamodel; sourceTree = "<group>"; };
		40525B9929F8476200367AD1 /* Assets.xcassets */ = {isa = PBXFileReference; lastKnownFileType = folder.assetcatalog; path = Assets.xcassets; sourceTree = "<group>"; };
		40525B9C29F8476200367AD1 /* Base */ = {isa = PBXFileReference; lastKnownFileType = file.storyboard; name = Base; path = Base.lproj/LaunchScreen.storyboard; sourceTree = "<group>"; };
		40525B9E29F8476200367AD1 /* Info.plist */ = {isa = PBXFileReference; lastKnownFileType = text.plist.xml; path = Info.plist; sourceTree = "<group>"; };
		40525BAC29F91F0D00367AD1 /* AudioPlayer.swift */ = {isa = PBXFileReference; lastKnownFileType = sourcecode.swift; path = AudioPlayer.swift; sourceTree = "<group>"; };
		40525BAE29F91FD300367AD1 /* AudioStorage.swift */ = {isa = PBXFileReference; lastKnownFileType = sourcecode.swift; path = AudioStorage.swift; sourceTree = "<group>"; };
		4058F9FA2A1FBFDE00D8DFA3 /* RecordType.swift */ = {isa = PBXFileReference; lastKnownFileType = sourcecode.swift; path = RecordType.swift; sourceTree = "<group>"; };
		4068D0812A24BD44002198BA /* String + drop.swift */ = {isa = PBXFileReference; fileEncoding = 4; lastKnownFileType = sourcecode.swift; path = "String + drop.swift"; sourceTree = "<group>"; };
		407E968D2A07D2E9008E6ACA /* ConfirmationVC.swift */ = {isa = PBXFileReference; lastKnownFileType = sourcecode.swift; path = ConfirmationVC.swift; sourceTree = "<group>"; };
		407E968F2A07D8AF008E6ACA /* ConfirmationVM.swift */ = {isa = PBXFileReference; lastKnownFileType = sourcecode.swift; path = ConfirmationVM.swift; sourceTree = "<group>"; };
		409530AB2A18E36900A696B6 /* RecordsVC.swift */ = {isa = PBXFileReference; lastKnownFileType = sourcecode.swift; path = RecordsVC.swift; sourceTree = "<group>"; };
		409530AD2A18E37200A696B6 /* RecordsVM.swift */ = {isa = PBXFileReference; lastKnownFileType = sourcecode.swift; path = RecordsVM.swift; sourceTree = "<group>"; };
		40A610BA2A3B1E4A00A1E891 /* ProfileVC.swift */ = {isa = PBXFileReference; lastKnownFileType = sourcecode.swift; path = ProfileVC.swift; sourceTree = "<group>"; };
		40A610BC2A3B1E5300A1E891 /* ProfileVM.swift */ = {isa = PBXFileReference; lastKnownFileType = sourcecode.swift; path = ProfileVM.swift; sourceTree = "<group>"; };
		40A610BE2A3B553800A1E891 /* ProfileView.swift */ = {isa = PBXFileReference; lastKnownFileType = sourcecode.swift; path = ProfileView.swift; sourceTree = "<group>"; };
		40A610C02A3B89DD00A1E891 /* ProfileViewButton.swift */ = {isa = PBXFileReference; lastKnownFileType = sourcecode.swift; path = ProfileViewButton.swift; sourceTree = "<group>"; };
		40A610C22A3CA59300A1E891 /* TimeStampCell.swift */ = {isa = PBXFileReference; lastKnownFileType = sourcecode.swift; path = TimeStampCell.swift; sourceTree = "<group>"; };
		40A610C42A3CB24F00A1E891 /* DiaryHeader.swift */ = {isa = PBXFileReference; lastKnownFileType = sourcecode.swift; path = DiaryHeader.swift; sourceTree = "<group>"; };
		40D3DB5A2A168E35001D5FD5 /* AudioResult.swift */ = {isa = PBXFileReference; lastKnownFileType = sourcecode.swift; path = AudioResult.swift; sourceTree = "<group>"; };
		40D4D9982A1E291A00D9D3A9 /* PullService.swift */ = {isa = PBXFileReference; lastKnownFileType = sourcecode.swift; path = PullService.swift; sourceTree = "<group>"; };
		40D8B4592A34597000BAED0B /* MicView.swift */ = {isa = PBXFileReference; lastKnownFileType = sourcecode.swift; path = MicView.swift; sourceTree = "<group>"; };
		40F7AFC62A068D1D002EC857 /* LoginVC.swift */ = {isa = PBXFileReference; lastKnownFileType = sourcecode.swift; path = LoginVC.swift; sourceTree = "<group>"; };
		40F7AFC92A069303002EC857 /* UIView+rounded.swift */ = {isa = PBXFileReference; lastKnownFileType = sourcecode.swift; path = "UIView+rounded.swift"; sourceTree = "<group>"; };
		40F7AFCB2A069321002EC857 /* Constants.swift */ = {isa = PBXFileReference; lastKnownFileType = sourcecode.swift; path = Constants.swift; sourceTree = "<group>"; };
		40F833112A06A3E600E2CB86 /* LoginVM.swift */ = {isa = PBXFileReference; lastKnownFileType = sourcecode.swift; path = LoginVM.swift; sourceTree = "<group>"; };
		ED0FFA5C2A124BDC004A8F4F /* String + Entity names.swift */ = {isa = PBXFileReference; lastKnownFileType = sourcecode.swift; path = "String + Entity names.swift"; sourceTree = "<group>"; };
		ED27628F2A289644005385EC /* Inter-Medium.ttf */ = {isa = PBXFileReference; lastKnownFileType = file; path = "Inter-Medium.ttf"; sourceTree = "<group>"; };
		ED2762912A28A77C005385EC /* UITextField + Extension.swift */ = {isa = PBXFileReference; lastKnownFileType = sourcecode.swift; path = "UITextField + Extension.swift"; sourceTree = "<group>"; };
		ED2762932A28AC35005385EC /* PrimaryButton.swift */ = {isa = PBXFileReference; lastKnownFileType = sourcecode.swift; path = PrimaryButton.swift; sourceTree = "<group>"; };
		ED3A60102A1029D9003DC922 /* UIView + Extensions.swift */ = {isa = PBXFileReference; lastKnownFileType = sourcecode.swift; path = "UIView + Extensions.swift"; sourceTree = "<group>"; };
		ED3A60162A102A2D003DC922 /* String + Request.swift */ = {isa = PBXFileReference; fileEncoding = 4; lastKnownFileType = sourcecode.swift; path = "String + Request.swift"; sourceTree = "<group>"; };
		ED3A601A2A102A7A003DC922 /* UserDTO.swift */ = {isa = PBXFileReference; fileEncoding = 4; lastKnownFileType = sourcecode.swift; path = UserDTO.swift; sourceTree = "<group>"; };
		ED3A601D2A102A95003DC922 /* SubscriptionsModel.swift */ = {isa = PBXFileReference; fileEncoding = 4; lastKnownFileType = sourcecode.swift; path = SubscriptionsModel.swift; sourceTree = "<group>"; };
		ED3A60202A102AD1003DC922 /* SubscriptionsServiceProtocol.swift */ = {isa = PBXFileReference; fileEncoding = 4; lastKnownFileType = sourcecode.swift; path = SubscriptionsServiceProtocol.swift; sourceTree = "<group>"; };
		ED3A60222A102ADF003DC922 /* SubscriptionsService.swift */ = {isa = PBXFileReference; fileEncoding = 4; lastKnownFileType = sourcecode.swift; path = SubscriptionsService.swift; sourceTree = "<group>"; };
		ED3A60292A102B3B003DC922 /* UsersListVC.swift */ = {isa = PBXFileReference; fileEncoding = 4; lastKnownFileType = sourcecode.swift; path = UsersListVC.swift; sourceTree = "<group>"; };
		ED3A602B2A102B42003DC922 /* UsersListVM.swift */ = {isa = PBXFileReference; fileEncoding = 4; lastKnownFileType = sourcecode.swift; path = UsersListVM.swift; sourceTree = "<group>"; };
		ED3A602D2A102B50003DC922 /* UsersListVmProtocol.swift */ = {isa = PBXFileReference; fileEncoding = 4; lastKnownFileType = sourcecode.swift; path = UsersListVmProtocol.swift; sourceTree = "<group>"; };
		ED3A60322A102B74003DC922 /* UsersListTableViewCell.swift */ = {isa = PBXFileReference; fileEncoding = 4; lastKnownFileType = sourcecode.swift; path = UsersListTableViewCell.swift; sourceTree = "<group>"; };
		ED5A34A42A2DD6B4008113E8 /* UIView + Layers.swift */ = {isa = PBXFileReference; lastKnownFileType = sourcecode.swift; path = "UIView + Layers.swift"; sourceTree = "<group>"; };
		ED7C6E5A2A30E0F900165A23 /* DeckVC.swift */ = {isa = PBXFileReference; lastKnownFileType = sourcecode.swift; path = DeckVC.swift; sourceTree = "<group>"; };
		ED7CC0342A2C74560080AD26 /* MainVC.swift */ = {isa = PBXFileReference; fileEncoding = 4; lastKnownFileType = sourcecode.swift; path = MainVC.swift; sourceTree = "<group>"; };
		ED7CC0362A2C74620080AD26 /* MainVM.swift */ = {isa = PBXFileReference; fileEncoding = 4; lastKnownFileType = sourcecode.swift; path = MainVM.swift; sourceTree = "<group>"; };
		ED8E9F3B2A38F3D4004A99B0 /* SplashVM.swift */ = {isa = PBXFileReference; fileEncoding = 4; lastKnownFileType = sourcecode.swift; path = SplashVM.swift; sourceTree = "<group>"; };
		EDA36ADC2A25DF40004D4F68 /* Inter-SemiBold.ttf */ = {isa = PBXFileReference; lastKnownFileType = file; path = "Inter-SemiBold.ttf"; sourceTree = "<group>"; };
		EDA8D7F92A24CB35009BDF91 /* SplashVC.swift */ = {isa = PBXFileReference; lastKnownFileType = sourcecode.swift; path = SplashVC.swift; sourceTree = "<group>"; };
		EDA8D7FB2A24CCF5009BDF91 /* UIColor + Extension.swift */ = {isa = PBXFileReference; lastKnownFileType = sourcecode.swift; path = "UIColor + Extension.swift"; sourceTree = "<group>"; };
		EDA8D7FE2A24DA96009BDF91 /* Inter-Bold.ttf */ = {isa = PBXFileReference; lastKnownFileType = file; path = "Inter-Bold.ttf"; sourceTree = "<group>"; };
		EDA8D8002A24DB3A009BDF91 /* UIFont + Extension.swift */ = {isa = PBXFileReference; lastKnownFileType = sourcecode.swift; path = "UIFont + Extension.swift"; sourceTree = "<group>"; };
		EDAA1CB72A37290C009349B4 /* AudioPlayerView.swift */ = {isa = PBXFileReference; lastKnownFileType = sourcecode.swift; path = AudioPlayerView.swift; sourceTree = "<group>"; };
		EDB4A7FE2A28CC9A00AA7E4B /* UniversalLabel.swift */ = {isa = PBXFileReference; lastKnownFileType = sourcecode.swift; path = UniversalLabel.swift; sourceTree = "<group>"; };
		EDB4A8012A28D24E00AA7E4B /* SingleDigitTextField.swift */ = {isa = PBXFileReference; lastKnownFileType = sourcecode.swift; path = SingleDigitTextField.swift; sourceTree = "<group>"; };
		EDC8BCE42A4084E400D886B3 /* MovingPlayerViewProtocol.swift */ = {isa = PBXFileReference; fileEncoding = 4; lastKnownFileType = sourcecode.swift; path = MovingPlayerViewProtocol.swift; sourceTree = "<group>"; };
		EDC8BCE62A4084EC00D886B3 /* AudioPlayerViewProtocol.swift */ = {isa = PBXFileReference; fileEncoding = 4; lastKnownFileType = sourcecode.swift; path = AudioPlayerViewProtocol.swift; sourceTree = "<group>"; };
		EDF028E72A31E87F0047CAEC /* DeckTableViewCell.swift */ = {isa = PBXFileReference; lastKnownFileType = sourcecode.swift; path = DeckTableViewCell.swift; sourceTree = "<group>"; };
		EDF028EA2A31EADF0047CAEC /* DeckVM.swift */ = {isa = PBXFileReference; lastKnownFileType = sourcecode.swift; path = DeckVM.swift; sourceTree = "<group>"; };
		EDF028EC2A31F27C0047CAEC /* DeckVMProtocol.swift */ = {isa = PBXFileReference; lastKnownFileType = sourcecode.swift; path = DeckVMProtocol.swift; sourceTree = "<group>"; };
		EDF23F532A2A0B62008F1D6C /* activityIndicator.gif */ = {isa = PBXFileReference; lastKnownFileType = image.gif; path = activityIndicator.gif; sourceTree = "<group>"; };
		EDF23F552A2A0DE4008F1D6C /* UIImageView + Gif.swift */ = {isa = PBXFileReference; lastKnownFileType = sourcecode.swift; path = "UIImageView + Gif.swift"; sourceTree = "<group>"; };
		EDFFE5DC2A331D2D00F03A6C /* DeckHeaderView.swift */ = {isa = PBXFileReference; lastKnownFileType = sourcecode.swift; path = DeckHeaderView.swift; sourceTree = "<group>"; };
/* End PBXFileReference section */

/* Begin PBXFrameworksBuildPhase section */
		40525B8729F8476000367AD1 /* Frameworks */ = {
			isa = PBXFrameworksBuildPhase;
			buildActionMask = 2147483647;
			files = (
				40D4D9A12A1E565000D9D3A9 /* SwiftOGG in Frameworks */,
				407AD7EF2A040FEE000054F2 /* TDLibKit in Frameworks */,
			);
			runOnlyForDeploymentPostprocessing = 0;
		};
/* End PBXFrameworksBuildPhase section */

/* Begin PBXGroup section */
		401441BE2A11052B00F7B508 /* BeWiredsList */ = {
			isa = PBXGroup;
			children = (
				401441C32A11085200F7B508 /* BeWiredCell.swift */,
				401441BF2A11057300F7B508 /* BeWiredsVC.swift */,
				401441C12A11059800F7B508 /* BeWiredsVM.swift */,
			);
			path = BeWiredsList;
			sourceTree = "<group>";
		};
		402ACFA92A097525006975E5 /* Modules */ = {
			isa = PBXGroup;
			children = (
				40A610B92A3B1E3900A1E891 /* Profile */,
				4039AE0F2A30E63000F267BE /* Feed */,
				ED7C6E5C2A30FB0B00165A23 /* DeckModule */,
				ED7CC0332A2C740F0080AD26 /* Main */,
				EDA8D7F82A24CAD8009BDF91 /* Splash */,
				409530AA2A18E34300A696B6 /* Records */,
				401441BE2A11052B00F7B508 /* BeWiredsList */,
				ED3A60272A102B12003DC922 /* UsersList */,
				40F833102A06A38D00E2CB86 /* LoginModule */,
			);
			path = Modules;
			sourceTree = "<group>";
		};
		4039AE0F2A30E63000F267BE /* Feed */ = {
			isa = PBXGroup;
			children = (
				4039AE102A30E64600F267BE /* FeedVC.swift */,
				4039AE142A30E6FF00F267BE /* FeedVM.swift */,
				40D8B4592A34597000BAED0B /* MicView.swift */,
				4039AE252A3333F800F267BE /* ProfileButton.swift */,
				4039AE122A30E6D200F267BE /* FeedCell.swift */,
			);
			path = Feed;
			sourceTree = "<group>";
		};
		404C326C2A0BEC4300613790 /* Models */ = {
			isa = PBXGroup;
			children = (
				ED3A60182A102A5D003DC922 /* NetworkModels */,
				404C326D2A0BEC5700613790 /* User.swift */,
				401441C52A110BB500F7B508 /* BeWiredTest.swift */,
			);
			path = Models;
			sourceTree = "<group>";
		};
		404C326F2A0BEC7500613790 /* Mappers */ = {
			isa = PBXGroup;
			children = (
				404C32702A0BEC8A00613790 /* AuthMapper.swift */,
			);
			path = Mappers;
			sourceTree = "<group>";
		};
		404EA6562A056B7B00CA6228 /* AuthService */ = {
			isa = PBXGroup;
			children = (
				404EA6572A056B8F00CA6228 /* AuthService.swift */,
			);
			path = AuthService;
			sourceTree = "<group>";
		};
		40525B8129F8476000367AD1 = {
			isa = PBXGroup;
			children = (
				40525B8C29F8476000367AD1 /* BeWired */,
				40525B8B29F8476000367AD1 /* Products */,
			);
			sourceTree = "<group>";
		};
		40525B8B29F8476000367AD1 /* Products */ = {
			isa = PBXGroup;
			children = (
				40525B8A29F8476000367AD1 /* BeWired.app */,
			);
			name = Products;
			sourceTree = "<group>";
		};
		40525B8C29F8476000367AD1 /* BeWired */ = {
			isa = PBXGroup;
			children = (
				ED695DA02A262728005AF260 /* DesignSystem */,
				40525BA429F8481D00367AD1 /* App */,
				404C326F2A0BEC7500613790 /* Mappers */,
				404C326C2A0BEC4300613790 /* Models */,
				40F7AFC82A0692E2002EC857 /* Extensions */,
				40525BA529F8485F00367AD1 /* Resources */,
				40525BA729F8488800367AD1 /* Services */,
				402ACFA92A097525006975E5 /* Modules */,
			);
			path = BeWired;
			sourceTree = "<group>";
		};
		40525BA429F8481D00367AD1 /* App */ = {
			isa = PBXGroup;
			children = (
				40525B8D29F8476000367AD1 /* AppDelegate.swift */,
				40525B8F29F8476000367AD1 /* SceneDelegate.swift */,
				40525B9E29F8476200367AD1 /* Info.plist */,
			);
			path = App;
			sourceTree = "<group>";
		};
		40525BA529F8485F00367AD1 /* Resources */ = {
			isa = PBXGroup;
			children = (
				EDF23F522A2A0B53008F1D6C /* Gif */,
				EDA8D7FD2A24DA68009BDF91 /* Fonts */,
				40525B9929F8476200367AD1 /* Assets.xcassets */,
				40525B9B29F8476200367AD1 /* LaunchScreen.storyboard */,
			);
			path = Resources;
			sourceTree = "<group>";
		};
		40525BA729F8488800367AD1 /* Services */ = {
			isa = PBXGroup;
			children = (
				ED2762952A28B27C005385EC /* CheckCurrentDataService */,
				ED3A601F2A102AC5003DC922 /* UserSubscriptionsService */,
				404EA6562A056B7B00CA6228 /* AuthService */,
				40525BA929F9178700367AD1 /* Audio */,
				40525BA829F8489400367AD1 /* CoreData */,
				401441CB2A12511700F7B508 /* FakePullService.swift */,
			);
			path = Services;
			sourceTree = "<group>";
		};
		40525BA829F8489400367AD1 /* CoreData */ = {
			isa = PBXGroup;
			children = (
				40525B9629F8476000367AD1 /* BeWired.xcdatamodeld */,
			);
			path = CoreData;
			sourceTree = "<group>";
		};
		40525BA929F9178700367AD1 /* Audio */ = {
			isa = PBXGroup;
			children = (
				400D2C5E2A024D2E0089ED6A /* AudioRecorder.swift */,
				40525BAC29F91F0D00367AD1 /* AudioPlayer.swift */,
				40525BAE29F91FD300367AD1 /* AudioStorage.swift */,
				40D4D9982A1E291A00D9D3A9 /* PullService.swift */,
				40D3DB5A2A168E35001D5FD5 /* AudioResult.swift */,
				4058F9FA2A1FBFDE00D8DFA3 /* RecordType.swift */,
				4039AE162A30E76D00F267BE /* PullStatus.swift */,
			);
			path = Audio;
			sourceTree = "<group>";
		};
		409530AA2A18E34300A696B6 /* Records */ = {
			isa = PBXGroup;
			children = (
				4002D46A2A1919C9005F3DEA /* RecordCell.swift */,
				409530AB2A18E36900A696B6 /* RecordsVC.swift */,
				409530AD2A18E37200A696B6 /* RecordsVM.swift */,
			);
			path = Records;
			sourceTree = "<group>";
		};
		40A610B92A3B1E3900A1E891 /* Profile */ = {
			isa = PBXGroup;
			children = (
				40A610BA2A3B1E4A00A1E891 /* ProfileVC.swift */,
				40A610BC2A3B1E5300A1E891 /* ProfileVM.swift */,
				40A610C62A3CDFBE00A1E891 /* ProfileSubViews */,
			);
			path = Profile;
			sourceTree = "<group>";
		};
		40A610C62A3CDFBE00A1E891 /* ProfileSubViews */ = {
			isa = PBXGroup;
			children = (
				40A610C02A3B89DD00A1E891 /* ProfileViewButton.swift */,
				40A610C22A3CA59300A1E891 /* TimeStampCell.swift */,
				40A610BE2A3B553800A1E891 /* ProfileView.swift */,
				40A610C42A3CB24F00A1E891 /* DiaryHeader.swift */,
			);
			path = ProfileSubViews;
			sourceTree = "<group>";
		};
		40F5C7132A0797800025257E /* Login */ = {
			isa = PBXGroup;
			children = (
				40F7AFC62A068D1D002EC857 /* LoginVC.swift */,
				40F833112A06A3E600E2CB86 /* LoginVM.swift */,
			);
			path = Login;
			sourceTree = "<group>";
		};
		40F5C7142A07978C0025257E /* Confirmation */ = {
			isa = PBXGroup;
			children = (
				407E968D2A07D2E9008E6ACA /* ConfirmationVC.swift */,
				407E968F2A07D8AF008E6ACA /* ConfirmationVM.swift */,
			);
			path = Confirmation;
			sourceTree = "<group>";
		};
		40F7AFC82A0692E2002EC857 /* Extensions */ = {
			isa = PBXGroup;
			children = (
				40F7AFC92A069303002EC857 /* UIView+rounded.swift */,
				ED5A34A42A2DD6B4008113E8 /* UIView + Layers.swift */,
				4002D4682A19176E005F3DEA /* UIViewController+Alert.swift */,
				ED3A60102A1029D9003DC922 /* UIView + Extensions.swift */,
				4039AE182A30E7DE00F267BE /* UIColor+hex.swift */,
				ED3A60162A102A2D003DC922 /* String + Request.swift */,
				4068D0812A24BD44002198BA /* String + drop.swift */,
				ED0FFA5C2A124BDC004A8F4F /* String + Entity names.swift */,
				40F7AFCB2A069321002EC857 /* Constants.swift */,
				401441C72A11163B00F7B508 /* Date+String.swift */,
				401441C92A11187D00F7B508 /* TimeInterval+String.swift */,
				EDA8D7FB2A24CCF5009BDF91 /* UIColor + Extension.swift */,
				4039AE232A3258CE00F267BE /* UIView+Spacer.swift */,
				4039AE1D2A324D5200F267BE /* UIImage+Names.swift */,
				EDA8D8002A24DB3A009BDF91 /* UIFont + Extension.swift */,
				ED2762912A28A77C005385EC /* UITextField + Extension.swift */,
				EDF23F552A2A0DE4008F1D6C /* UIImageView + Gif.swift */,
			);
			path = Extensions;
			sourceTree = "<group>";
		};
		40F833102A06A38D00E2CB86 /* LoginModule */ = {
			isa = PBXGroup;
			children = (
				40F5C7132A0797800025257E /* Login */,
				40F5C7142A07978C0025257E /* Confirmation */,
			);
			path = LoginModule;
			sourceTree = "<group>";
		};
		ED2762952A28B27C005385EC /* CheckCurrentDataService */ = {
			isa = PBXGroup;
			children = (
				ED2762962A28B2F4005385EC /* IsValidDataService.swift */,
				ED2762982A28B45C005385EC /* isValidDataProtocol.swift */,
			);
			path = CheckCurrentDataService;
			sourceTree = "<group>";
		};
		ED3A60182A102A5D003DC922 /* NetworkModels */ = {
			isa = PBXGroup;
			children = (
				ED3A601C2A102A81003DC922 /* SubscriptionsModel */,
				ED3A60192A102A6E003DC922 /* UserDTO */,
			);
			path = NetworkModels;
			sourceTree = "<group>";
		};
		ED3A60192A102A6E003DC922 /* UserDTO */ = {
			isa = PBXGroup;
			children = (
				ED3A601A2A102A7A003DC922 /* UserDTO.swift */,
			);
			path = UserDTO;
			sourceTree = "<group>";
		};
		ED3A601C2A102A81003DC922 /* SubscriptionsModel */ = {
			isa = PBXGroup;
			children = (
				ED3A601D2A102A95003DC922 /* SubscriptionsModel.swift */,
			);
			path = SubscriptionsModel;
			sourceTree = "<group>";
		};
		ED3A601F2A102AC5003DC922 /* UserSubscriptionsService */ = {
			isa = PBXGroup;
			children = (
				ED3A60202A102AD1003DC922 /* SubscriptionsServiceProtocol.swift */,
				ED3A60222A102ADF003DC922 /* SubscriptionsService.swift */,
			);
			path = UserSubscriptionsService;
			sourceTree = "<group>";
		};
		ED3A60272A102B12003DC922 /* UsersList */ = {
			isa = PBXGroup;
			children = (
				ED3A60282A102B23003DC922 /* TableView */,
				ED3A602D2A102B50003DC922 /* UsersListVmProtocol.swift */,
				ED3A60292A102B3B003DC922 /* UsersListVC.swift */,
				ED3A602B2A102B42003DC922 /* UsersListVM.swift */,
			);
			path = UsersList;
			sourceTree = "<group>";
		};
		ED3A60282A102B23003DC922 /* TableView */ = {
			isa = PBXGroup;
			children = (
				ED3A60312A102B5F003DC922 /* UsersListTableViewCell */,
			);
			path = TableView;
			sourceTree = "<group>";
		};
		ED3A60312A102B5F003DC922 /* UsersListTableViewCell */ = {
			isa = PBXGroup;
			children = (
				ED3A60322A102B74003DC922 /* UsersListTableViewCell.swift */,
			);
			path = UsersListTableViewCell;
			sourceTree = "<group>";
		};
		ED695DA02A262728005AF260 /* DesignSystem */ = {
			isa = PBXGroup;
			children = (
				EDFFE5DE2A338EB500F03A6C /* View */,
				EDB4A8002A28D1FF00AA7E4B /* TextField */,
				EDB4A7FD2A28CC7E00AA7E4B /* Labels */,
				ED695DA12A26273C005AF260 /* Buttons */,
			);
			path = DesignSystem;
			sourceTree = "<group>";
		};
		ED695DA12A26273C005AF260 /* Buttons */ = {
			isa = PBXGroup;
			children = (
				ED2762932A28AC35005385EC /* PrimaryButton.swift */,
			);
			path = Buttons;
			sourceTree = "<group>";
		};
		ED7C6E5C2A30FB0B00165A23 /* DeckModule */ = {
			isa = PBXGroup;
			children = (
				EDF028E62A31E85D0047CAEC /* DeckTableViewCell */,
				EDF028EC2A31F27C0047CAEC /* DeckVMProtocol.swift */,
				ED7C6E5A2A30E0F900165A23 /* DeckVC.swift */,
				EDF028EA2A31EADF0047CAEC /* DeckVM.swift */,
				EDFFE5DC2A331D2D00F03A6C /* DeckHeaderView.swift */,
			);
			path = DeckModule;
			sourceTree = "<group>";
		};
		ED7CC0332A2C740F0080AD26 /* Main */ = {
			isa = PBXGroup;
			children = (
				ED7CC0362A2C74620080AD26 /* MainVM.swift */,
				ED7CC0342A2C74560080AD26 /* MainVC.swift */,
			);
			path = Main;
			sourceTree = "<group>";
		};
		EDA8D7F82A24CAD8009BDF91 /* Splash */ = {
			isa = PBXGroup;
			children = (
				EDA8D7F92A24CB35009BDF91 /* SplashVC.swift */,
				ED8E9F3B2A38F3D4004A99B0 /* SplashVM.swift */,
			);
			path = Splash;
			sourceTree = "<group>";
		};
		EDA8D7FD2A24DA68009BDF91 /* Fonts */ = {
			isa = PBXGroup;
			children = (
				EDA8D7FE2A24DA96009BDF91 /* Inter-Bold.ttf */,
				4039AE1C2A32076500F267BE /* Inter-Regular.otf */,
				EDA36ADC2A25DF40004D4F68 /* Inter-SemiBold.ttf */,
				ED27628F2A289644005385EC /* Inter-Medium.ttf */,
			);
			path = Fonts;
			sourceTree = "<group>";
		};
		EDAA1CB62A3728F6009349B4 /* AudioPlayerView */ = {
			isa = PBXGroup;
			children = (
				EDC8BCE42A4084E400D886B3 /* MovingPlayerViewProtocol.swift */,
				EDC8BCE62A4084EC00D886B3 /* AudioPlayerViewProtocol.swift */,
				EDAA1CB72A37290C009349B4 /* AudioPlayerView.swift */,
			);
			path = AudioPlayerView;
			sourceTree = "<group>";
		};
		EDB4A7FD2A28CC7E00AA7E4B /* Labels */ = {
			isa = PBXGroup;
			children = (
				EDB4A7FE2A28CC9A00AA7E4B /* UniversalLabel.swift */,
			);
			path = Labels;
			sourceTree = "<group>";
		};
		EDB4A8002A28D1FF00AA7E4B /* TextField */ = {
			isa = PBXGroup;
			children = (
				EDB4A8012A28D24E00AA7E4B /* SingleDigitTextField.swift */,
			);
			path = TextField;
			sourceTree = "<group>";
		};
		EDF028E62A31E85D0047CAEC /* DeckTableViewCell */ = {
			isa = PBXGroup;
			children = (
				EDF028E72A31E87F0047CAEC /* DeckTableViewCell.swift */,
			);
			path = DeckTableViewCell;
			sourceTree = "<group>";
		};
		EDF23F522A2A0B53008F1D6C /* Gif */ = {
			isa = PBXGroup;
			children = (
				EDF23F532A2A0B62008F1D6C /* activityIndicator.gif */,
			);
			path = Gif;
			sourceTree = "<group>";
		};
		EDFFE5DE2A338EB500F03A6C /* View */ = {
			isa = PBXGroup;
			children = (
				EDAA1CB62A3728F6009349B4 /* AudioPlayerView */,
			);
			path = View;
			sourceTree = "<group>";
		};
/* End PBXGroup section */

/* Begin PBXNativeTarget section */
		40525B8929F8476000367AD1 /* BeWired */ = {
			isa = PBXNativeTarget;
			buildConfigurationList = 40525BA129F8476200367AD1 /* Build configuration list for PBXNativeTarget "BeWired" */;
			buildPhases = (
				40525B8629F8476000367AD1 /* Sources */,
				40525B8729F8476000367AD1 /* Frameworks */,
				40525B8829F8476000367AD1 /* Resources */,
			);
			buildRules = (
			);
			dependencies = (
			);
			name = BeWired;
			packageProductDependencies = (
				407AD7EE2A040FEE000054F2 /* TDLibKit */,
				40D4D9A02A1E565000D9D3A9 /* SwiftOGG */,
			);
			productName = BeWired;
			productReference = 40525B8A29F8476000367AD1 /* BeWired.app */;
			productType = "com.apple.product-type.application";
		};
/* End PBXNativeTarget section */

/* Begin PBXProject section */
		40525B8229F8476000367AD1 /* Project object */ = {
			isa = PBXProject;
			attributes = {
				BuildIndependentTargetsInParallel = 1;
				LastSwiftUpdateCheck = 1410;
				LastUpgradeCheck = 1410;
				TargetAttributes = {
					40525B8929F8476000367AD1 = {
						CreatedOnToolsVersion = 14.1;
					};
				};
			};
			buildConfigurationList = 40525B8529F8476000367AD1 /* Build configuration list for PBXProject "BeWired" */;
			compatibilityVersion = "Xcode 14.0";
			developmentRegion = en;
			hasScannedForEncodings = 0;
			knownRegions = (
				en,
				Base,
			);
			mainGroup = 40525B8129F8476000367AD1;
			packageReferences = (
				407AD7ED2A040FEE000054F2 /* XCRemoteSwiftPackageReference "TDLibKit" */,
				40D4D99F2A1E565000D9D3A9 /* XCRemoteSwiftPackageReference "swift-ogg" */,
			);
			productRefGroup = 40525B8B29F8476000367AD1 /* Products */;
			projectDirPath = "";
			projectRoot = "";
			targets = (
				40525B8929F8476000367AD1 /* BeWired */,
			);
		};
/* End PBXProject section */

/* Begin PBXResourcesBuildPhase section */
		40525B8829F8476000367AD1 /* Resources */ = {
			isa = PBXResourcesBuildPhase;
			buildActionMask = 2147483647;
			files = (
				EDA36ADD2A25DF40004D4F68 /* Inter-SemiBold.ttf in Resources */,
				EDF23F542A2A0B62008F1D6C /* activityIndicator.gif in Resources */,
				EDA8D7FF2A24DA96009BDF91 /* Inter-Bold.ttf in Resources */,
				40525B9D29F8476200367AD1 /* LaunchScreen.storyboard in Resources */,
				ED2762902A289644005385EC /* Inter-Medium.ttf in Resources */,
				40525B9A29F8476200367AD1 /* Assets.xcassets in Resources */,
			);
			runOnlyForDeploymentPostprocessing = 0;
		};
/* End PBXResourcesBuildPhase section */

/* Begin PBXSourcesBuildPhase section */
		40525B8629F8476000367AD1 /* Sources */ = {
			isa = PBXSourcesBuildPhase;
			buildActionMask = 2147483647;
			files = (
				EDA8D8012A24DB3A009BDF91 /* UIFont + Extension.swift in Sources */,
				409530AC2A18E36900A696B6 /* RecordsVC.swift in Sources */,
				40A610C52A3CB24F00A1E891 /* DiaryHeader.swift in Sources */,
				ED3A60112A1029D9003DC922 /* UIView + Extensions.swift in Sources */,
				4002D4692A19176E005F3DEA /* UIViewController+Alert.swift in Sources */,
				EDF028ED2A31F27C0047CAEC /* DeckVMProtocol.swift in Sources */,
				401441C02A11057300F7B508 /* BeWiredsVC.swift in Sources */,
				40D4D9992A1E291A00D9D3A9 /* PullService.swift in Sources */,
				407E968E2A07D2E9008E6ACA /* ConfirmationVC.swift in Sources */,
				EDC8BCE52A4084E500D886B3 /* MovingPlayerViewProtocol.swift in Sources */,
				40F833122A06A3E600E2CB86 /* LoginVM.swift in Sources */,
				4068D0822A24BD44002198BA /* String + drop.swift in Sources */,
				4039AE1E2A324D5200F267BE /* UIImage+Names.swift in Sources */,
				ED3A602A2A102B3B003DC922 /* UsersListVC.swift in Sources */,
				4039AE132A30E6D200F267BE /* FeedCell.swift in Sources */,
				EDAA1CB82A37290C009349B4 /* AudioPlayerView.swift in Sources */,
				ED3A601B2A102A7A003DC922 /* UserDTO.swift in Sources */,
				ED2762942A28AC35005385EC /* PrimaryButton.swift in Sources */,
				4002D46B2A1919C9005F3DEA /* RecordCell.swift in Sources */,
				ED8E9F3C2A38F3D4004A99B0 /* SplashVM.swift in Sources */,
				EDC8BCE72A4084EC00D886B3 /* AudioPlayerViewProtocol.swift in Sources */,
				40525B8E29F8476000367AD1 /* AppDelegate.swift in Sources */,
				401441C62A110BB500F7B508 /* BeWiredTest.swift in Sources */,
				401441C22A11059800F7B508 /* BeWiredsVM.swift in Sources */,
				401441CA2A11187D00F7B508 /* TimeInterval+String.swift in Sources */,
				ED0FFA5D2A124BDC004A8F4F /* String + Entity names.swift in Sources */,
				ED3A60232A102ADF003DC922 /* SubscriptionsService.swift in Sources */,
				40A610BB2A3B1E4A00A1E891 /* ProfileVC.swift in Sources */,
				4039AE172A30E76D00F267BE /* PullStatus.swift in Sources */,
				40A610C32A3CA59300A1E891 /* TimeStampCell.swift in Sources */,
				EDF23F562A2A0DE4008F1D6C /* UIImageView + Gif.swift in Sources */,
				EDFFE5DD2A331D2D00F03A6C /* DeckHeaderView.swift in Sources */,
				ED7CC0352A2C74560080AD26 /* MainVC.swift in Sources */,
				40525B9829F8476000367AD1 /* BeWired.xcdatamodeld in Sources */,
				ED3A60212A102AD1003DC922 /* SubscriptionsServiceProtocol.swift in Sources */,
				40525B9029F8476000367AD1 /* SceneDelegate.swift in Sources */,
				40D8B45A2A34597000BAED0B /* MicView.swift in Sources */,
				ED3A602C2A102B42003DC922 /* UsersListVM.swift in Sources */,
				ED3A60332A102B74003DC922 /* UsersListTableViewCell.swift in Sources */,
				ED3A60172A102A2D003DC922 /* String + Request.swift in Sources */,
				404C32712A0BEC8A00613790 /* AuthMapper.swift in Sources */,
				EDF028EB2A31EADF0047CAEC /* DeckVM.swift in Sources */,
				ED7C6E5B2A30E0F900165A23 /* DeckVC.swift in Sources */,
				EDB4A7FF2A28CC9A00AA7E4B /* UniversalLabel.swift in Sources */,
				40A610BF2A3B553800A1E891 /* ProfileView.swift in Sources */,
				40A610BD2A3B1E5300A1E891 /* ProfileVM.swift in Sources */,
				40F7AFC72A068D1D002EC857 /* LoginVC.swift in Sources */,
				ED7CC0372A2C74620080AD26 /* MainVM.swift in Sources */,
				401441CC2A12511700F7B508 /* FakePullService.swift in Sources */,
				40525BAF29F91FD300367AD1 /* AudioStorage.swift in Sources */,
				401441C42A11085200F7B508 /* BeWiredCell.swift in Sources */,
				400D2C5F2A024D2E0089ED6A /* AudioRecorder.swift in Sources */,
				4039AE112A30E64600F267BE /* FeedVC.swift in Sources */,
				40F7AFCA2A069303002EC857 /* UIView+rounded.swift in Sources */,
				40A610C12A3B89DD00A1E891 /* ProfileViewButton.swift in Sources */,
				ED3A601E2A102A95003DC922 /* SubscriptionsModel.swift in Sources */,
				4058F9FB2A1FBFDE00D8DFA3 /* RecordType.swift in Sources */,
				40D3DB5B2A168E35001D5FD5 /* AudioResult.swift in Sources */,
				4039AE262A3333F800F267BE /* ProfileButton.swift in Sources */,
				40525BAD29F91F0D00367AD1 /* AudioPlayer.swift in Sources */,
				4039AE242A3258CE00F267BE /* UIView+Spacer.swift in Sources */,
				407E96902A07D8AF008E6ACA /* ConfirmationVM.swift in Sources */,
				404C326E2A0BEC5700613790 /* User.swift in Sources */,
				4039AE152A30E6FF00F267BE /* FeedVM.swift in Sources */,
				EDB4A8022A28D24E00AA7E4B /* SingleDigitTextField.swift in Sources */,
				401441C82A11163B00F7B508 /* Date+String.swift in Sources */,
				EDA8D7FA2A24CB35009BDF91 /* SplashVC.swift in Sources */,
				404EA6582A056B8F00CA6228 /* AuthService.swift in Sources */,
				ED2762922A28A77C005385EC /* UITextField + Extension.swift in Sources */,
				40F7AFCC2A069321002EC857 /* Constants.swift in Sources */,
				ED3A602E2A102B50003DC922 /* UsersListVmProtocol.swift in Sources */,
				ED5A34A52A2DD6B4008113E8 /* UIView + Layers.swift in Sources */,
				EDF028E82A31E87F0047CAEC /* DeckTableViewCell.swift in Sources */,
				409530AE2A18E37200A696B6 /* RecordsVM.swift in Sources */,
				4039AE192A30E7DE00F267BE /* UIColor+hex.swift in Sources */,
				EDA8D7FC2A24CCF5009BDF91 /* UIColor + Extension.swift in Sources */,
			);
			runOnlyForDeploymentPostprocessing = 0;
		};
/* End PBXSourcesBuildPhase section */

/* Begin PBXVariantGroup section */
		40525B9B29F8476200367AD1 /* LaunchScreen.storyboard */ = {
			isa = PBXVariantGroup;
			children = (
				40525B9C29F8476200367AD1 /* Base */,
			);
			name = LaunchScreen.storyboard;
			sourceTree = "<group>";
		};
/* End PBXVariantGroup section */

/* Begin XCBuildConfiguration section */
		40525B9F29F8476200367AD1 /* Debug */ = {
			isa = XCBuildConfiguration;
			buildSettings = {
				ALWAYS_SEARCH_USER_PATHS = NO;
				CLANG_ANALYZER_NONNULL = YES;
				CLANG_ANALYZER_NUMBER_OBJECT_CONVERSION = YES_AGGRESSIVE;
				CLANG_CXX_LANGUAGE_STANDARD = "gnu++20";
				CLANG_ENABLE_MODULES = YES;
				CLANG_ENABLE_OBJC_ARC = YES;
				CLANG_ENABLE_OBJC_WEAK = YES;
				CLANG_WARN_BLOCK_CAPTURE_AUTORELEASING = YES;
				CLANG_WARN_BOOL_CONVERSION = YES;
				CLANG_WARN_COMMA = YES;
				CLANG_WARN_CONSTANT_CONVERSION = YES;
				CLANG_WARN_DEPRECATED_OBJC_IMPLEMENTATIONS = YES;
				CLANG_WARN_DIRECT_OBJC_ISA_USAGE = YES_ERROR;
				CLANG_WARN_DOCUMENTATION_COMMENTS = YES;
				CLANG_WARN_EMPTY_BODY = YES;
				CLANG_WARN_ENUM_CONVERSION = YES;
				CLANG_WARN_INFINITE_RECURSION = YES;
				CLANG_WARN_INT_CONVERSION = YES;
				CLANG_WARN_NON_LITERAL_NULL_CONVERSION = YES;
				CLANG_WARN_OBJC_IMPLICIT_RETAIN_SELF = YES;
				CLANG_WARN_OBJC_LITERAL_CONVERSION = YES;
				CLANG_WARN_OBJC_ROOT_CLASS = YES_ERROR;
				CLANG_WARN_QUOTED_INCLUDE_IN_FRAMEWORK_HEADER = YES;
				CLANG_WARN_RANGE_LOOP_ANALYSIS = YES;
				CLANG_WARN_STRICT_PROTOTYPES = YES;
				CLANG_WARN_SUSPICIOUS_MOVE = YES;
				CLANG_WARN_UNGUARDED_AVAILABILITY = YES_AGGRESSIVE;
				CLANG_WARN_UNREACHABLE_CODE = YES;
				CLANG_WARN__DUPLICATE_METHOD_MATCH = YES;
				COPY_PHASE_STRIP = NO;
				DEBUG_INFORMATION_FORMAT = dwarf;
				ENABLE_STRICT_OBJC_MSGSEND = YES;
				ENABLE_TESTABILITY = YES;
				GCC_C_LANGUAGE_STANDARD = gnu11;
				GCC_DYNAMIC_NO_PIC = NO;
				GCC_NO_COMMON_BLOCKS = YES;
				GCC_OPTIMIZATION_LEVEL = 0;
				GCC_PREPROCESSOR_DEFINITIONS = (
					"DEBUG=1",
					"$(inherited)",
				);
				GCC_WARN_64_TO_32_BIT_CONVERSION = YES;
				GCC_WARN_ABOUT_RETURN_TYPE = YES_ERROR;
				GCC_WARN_UNDECLARED_SELECTOR = YES;
				GCC_WARN_UNINITIALIZED_AUTOS = YES_AGGRESSIVE;
				GCC_WARN_UNUSED_FUNCTION = YES;
				GCC_WARN_UNUSED_VARIABLE = YES;
				IPHONEOS_DEPLOYMENT_TARGET = 15.0;
				MTL_ENABLE_DEBUG_INFO = INCLUDE_SOURCE;
				MTL_FAST_MATH = YES;
				ONLY_ACTIVE_ARCH = YES;
				SDKROOT = iphoneos;
				SWIFT_ACTIVE_COMPILATION_CONDITIONS = DEBUG;
				SWIFT_OPTIMIZATION_LEVEL = "-Onone";
			};
			name = Debug;
		};
		40525BA029F8476200367AD1 /* Release */ = {
			isa = XCBuildConfiguration;
			buildSettings = {
				ALWAYS_SEARCH_USER_PATHS = NO;
				CLANG_ANALYZER_NONNULL = YES;
				CLANG_ANALYZER_NUMBER_OBJECT_CONVERSION = YES_AGGRESSIVE;
				CLANG_CXX_LANGUAGE_STANDARD = "gnu++20";
				CLANG_ENABLE_MODULES = YES;
				CLANG_ENABLE_OBJC_ARC = YES;
				CLANG_ENABLE_OBJC_WEAK = YES;
				CLANG_WARN_BLOCK_CAPTURE_AUTORELEASING = YES;
				CLANG_WARN_BOOL_CONVERSION = YES;
				CLANG_WARN_COMMA = YES;
				CLANG_WARN_CONSTANT_CONVERSION = YES;
				CLANG_WARN_DEPRECATED_OBJC_IMPLEMENTATIONS = YES;
				CLANG_WARN_DIRECT_OBJC_ISA_USAGE = YES_ERROR;
				CLANG_WARN_DOCUMENTATION_COMMENTS = YES;
				CLANG_WARN_EMPTY_BODY = YES;
				CLANG_WARN_ENUM_CONVERSION = YES;
				CLANG_WARN_INFINITE_RECURSION = YES;
				CLANG_WARN_INT_CONVERSION = YES;
				CLANG_WARN_NON_LITERAL_NULL_CONVERSION = YES;
				CLANG_WARN_OBJC_IMPLICIT_RETAIN_SELF = YES;
				CLANG_WARN_OBJC_LITERAL_CONVERSION = YES;
				CLANG_WARN_OBJC_ROOT_CLASS = YES_ERROR;
				CLANG_WARN_QUOTED_INCLUDE_IN_FRAMEWORK_HEADER = YES;
				CLANG_WARN_RANGE_LOOP_ANALYSIS = YES;
				CLANG_WARN_STRICT_PROTOTYPES = YES;
				CLANG_WARN_SUSPICIOUS_MOVE = YES;
				CLANG_WARN_UNGUARDED_AVAILABILITY = YES_AGGRESSIVE;
				CLANG_WARN_UNREACHABLE_CODE = YES;
				CLANG_WARN__DUPLICATE_METHOD_MATCH = YES;
				COPY_PHASE_STRIP = NO;
				DEBUG_INFORMATION_FORMAT = "dwarf-with-dsym";
				ENABLE_NS_ASSERTIONS = NO;
				ENABLE_STRICT_OBJC_MSGSEND = YES;
				GCC_C_LANGUAGE_STANDARD = gnu11;
				GCC_NO_COMMON_BLOCKS = YES;
				GCC_WARN_64_TO_32_BIT_CONVERSION = YES;
				GCC_WARN_ABOUT_RETURN_TYPE = YES_ERROR;
				GCC_WARN_UNDECLARED_SELECTOR = YES;
				GCC_WARN_UNINITIALIZED_AUTOS = YES_AGGRESSIVE;
				GCC_WARN_UNUSED_FUNCTION = YES;
				GCC_WARN_UNUSED_VARIABLE = YES;
				IPHONEOS_DEPLOYMENT_TARGET = 15.0;
				MTL_ENABLE_DEBUG_INFO = NO;
				MTL_FAST_MATH = YES;
				SDKROOT = iphoneos;
				SWIFT_COMPILATION_MODE = wholemodule;
				SWIFT_OPTIMIZATION_LEVEL = "-O";
				VALIDATE_PRODUCT = YES;
			};
			name = Release;
		};
		40525BA229F8476200367AD1 /* Debug */ = {
			isa = XCBuildConfiguration;
			buildSettings = {
				ASSETCATALOG_COMPILER_APPICON_NAME = AppIcon;
				ASSETCATALOG_COMPILER_GLOBAL_ACCENT_COLOR_NAME = AccentColor;
				CODE_SIGN_STYLE = Automatic;
				CURRENT_PROJECT_VERSION = 1;
				DEVELOPMENT_TEAM = CK7G8B5AC6;
				GENERATE_INFOPLIST_FILE = YES;
				INFOPLIST_FILE = BeWired/App/Info.plist;
				INFOPLIST_KEY_LSApplicationCategoryType = "public.app-category.lifestyle";
				INFOPLIST_KEY_UIApplicationSupportsIndirectInputEvents = YES;
				INFOPLIST_KEY_UILaunchStoryboardName = LaunchScreen;
				INFOPLIST_KEY_UISupportedInterfaceOrientations = UIInterfaceOrientationPortrait;
				IPHONEOS_DEPLOYMENT_TARGET = 15.0;
				LD_RUNPATH_SEARCH_PATHS = (
					"$(inherited)",
					"@executable_path/Frameworks",
				);
				MARKETING_VERSION = 1.0;
				PRODUCT_BUNDLE_IDENTIFIER = d.o.kononov.BeWired;
				PRODUCT_NAME = "$(TARGET_NAME)";
				SWIFT_EMIT_LOC_STRINGS = YES;
				SWIFT_VERSION = 5.0;
				TARGETED_DEVICE_FAMILY = "1,2";
			};
			name = Debug;
		};
		40525BA329F8476200367AD1 /* Release */ = {
			isa = XCBuildConfiguration;
			buildSettings = {
				ASSETCATALOG_COMPILER_APPICON_NAME = AppIcon;
				ASSETCATALOG_COMPILER_GLOBAL_ACCENT_COLOR_NAME = AccentColor;
				CODE_SIGN_STYLE = Automatic;
				CURRENT_PROJECT_VERSION = 1;
				DEVELOPMENT_TEAM = CK7G8B5AC6;
				GENERATE_INFOPLIST_FILE = YES;
				INFOPLIST_FILE = BeWired/App/Info.plist;
				INFOPLIST_KEY_LSApplicationCategoryType = "public.app-category.lifestyle";
				INFOPLIST_KEY_UIApplicationSupportsIndirectInputEvents = YES;
				INFOPLIST_KEY_UILaunchStoryboardName = LaunchScreen;
				INFOPLIST_KEY_UISupportedInterfaceOrientations = UIInterfaceOrientationPortrait;
				IPHONEOS_DEPLOYMENT_TARGET = 15.0;
				LD_RUNPATH_SEARCH_PATHS = (
					"$(inherited)",
					"@executable_path/Frameworks",
				);
				MARKETING_VERSION = 1.0;
				PRODUCT_BUNDLE_IDENTIFIER = d.o.kononov.BeWired;
				PRODUCT_NAME = "$(TARGET_NAME)";
				SWIFT_EMIT_LOC_STRINGS = YES;
				SWIFT_VERSION = 5.0;
				TARGETED_DEVICE_FAMILY = "1,2";
			};
			name = Release;
		};
/* End XCBuildConfiguration section */

/* Begin XCConfigurationList section */
		40525B8529F8476000367AD1 /* Build configuration list for PBXProject "BeWired" */ = {
			isa = XCConfigurationList;
			buildConfigurations = (
				40525B9F29F8476200367AD1 /* Debug */,
				40525BA029F8476200367AD1 /* Release */,
			);
			defaultConfigurationIsVisible = 0;
			defaultConfigurationName = Release;
		};
		40525BA129F8476200367AD1 /* Build configuration list for PBXNativeTarget "BeWired" */ = {
			isa = XCConfigurationList;
			buildConfigurations = (
				40525BA229F8476200367AD1 /* Debug */,
				40525BA329F8476200367AD1 /* Release */,
			);
			defaultConfigurationIsVisible = 0;
			defaultConfigurationName = Release;
		};
/* End XCConfigurationList section */

/* Begin XCRemoteSwiftPackageReference section */
		407AD7ED2A040FEE000054F2 /* XCRemoteSwiftPackageReference "TDLibKit" */ = {
			isa = XCRemoteSwiftPackageReference;
			repositoryURL = "https://github.com/Swiftgram/TDLibKit";
			requirement = {
				branch = main;
				kind = branch;
			};
		};
		40D4D99F2A1E565000D9D3A9 /* XCRemoteSwiftPackageReference "swift-ogg" */ = {
			isa = XCRemoteSwiftPackageReference;
			repositoryURL = "https://github.com/vector-im/swift-ogg";
			requirement = {
				kind = upToNextMajorVersion;
				minimumVersion = 0.0.1;
			};
		};
/* End XCRemoteSwiftPackageReference section */

/* Begin XCSwiftPackageProductDependency section */
		407AD7EE2A040FEE000054F2 /* TDLibKit */ = {
			isa = XCSwiftPackageProductDependency;
			package = 407AD7ED2A040FEE000054F2 /* XCRemoteSwiftPackageReference "TDLibKit" */;
			productName = TDLibKit;
		};
		40D4D9A02A1E565000D9D3A9 /* SwiftOGG */ = {
			isa = XCSwiftPackageProductDependency;
			package = 40D4D99F2A1E565000D9D3A9 /* XCRemoteSwiftPackageReference "swift-ogg" */;
			productName = SwiftOGG;
		};
/* End XCSwiftPackageProductDependency section */

/* Begin XCVersionGroup section */
		40525B9629F8476000367AD1 /* BeWired.xcdatamodeld */ = {
			isa = XCVersionGroup;
			children = (
				40525B9729F8476000367AD1 /* BeWired.xcdatamodel */,
			);
			currentVersion = 40525B9729F8476000367AD1 /* BeWired.xcdatamodel */;
			path = BeWired.xcdatamodeld;
			sourceTree = "<group>";
			versionGroupType = wrapper.xcdatamodel;
		};
/* End XCVersionGroup section */
	};
	rootObject = 40525B8229F8476000367AD1 /* Project object */;
}
