{
  "pins" : [
    {
      "identity" : "ogg-swift",
      "kind" : "remoteSourceControl",
      "location" : "https://github.com/vector-im/ogg-swift.git",
      "state" : {
        "revision" : "9d82ed838404f10b607a1a1689f404563e9115c3",
        "version" : "0.8.3"
      }
    },
    {
      "identity" : "opus-swift",
      "kind" : "remoteSourceControl",
      "location" : "https://github.com/vector-im/opus-swift",
      "state" : {
        "revision" : "11f1887767cbc87c4b64b789ee830b779cc744cb",
        "version" : "0.8.4"
      }
    },
    {
      "identity" : "swift-ogg",
      "kind" : "remoteSourceControl",
      "location" : "https://github.com/vector-im/swift-ogg",
      "state" : {
        "revision" : "e9a9e7601da662fd8b97d93781ff5c60b4becf88",
        "version" : "0.0.1"
      }
    },
    {
      "identity" : "tdlibframework",
      "kind" : "remoteSourceControl",
      "location" : "https://github.com/Swiftgram/TDLibFramework",
      "state" : {
        "revision" : "37bc16cf2c1cd4728dd3a4c050b5cfb53e262bfd",
        "version" : "1.8.14-4041ecb5"
      }
    },
    {
      "identity" : "tdlibkit",
      "kind" : "remoteSourceControl",
      "location" : "https://github.com/Swiftgram/TDLibKit",
      "state" : {
        "branch" : "main",
        "revision" : "4a9eeb9ca2dfbddf998358399d84d32b8431e7f2"
      }
    }
  ],
  "version" : 2
}
